PODS:
  - AFNetworking (4.0.1):
    - AFNetworking/NSURLSession (= 4.0.1)
    - AFNetworking/Reachability (= 4.0.1)
    - AFNetworking/Security (= 4.0.1)
    - AFNetworking/Serialization (= 4.0.1)
    - AFNetworking/UIKit (= 4.0.1)
  - AFNetworking/NSURLSession (4.0.1):
    - AFNetworking/Reachability
    - AFNetworking/Security
    - AFNetworking/Serialization
  - AFNetworking/Reachability (4.0.1)
  - AFNetworking/Security (4.0.1)
  - AFNetworking/Serialization (4.0.1)
  - AFNetworking/UIKit (4.0.1):
    - AFNetworking/NSURLSession
  - Masonry (1.1.0)
  - SVProgressHUD (2.2.5)
  - TXLiteAVSDK_TRTC (8.6.10094)

DEPENDENCIES:
  - AFNetworking
  - Masonry
  - SVProgressHUD
  - TXLiteAVSDK_TRTC

SPEC REPOS:
  trunk:
    - AFNetworking
    - Masonry
    - SVProgressHUD
    - TXLiteAVSDK_TRTC

SPEC CHECKSUMS:
  AFNetworking: 7864c38297c79aaca1500c33288e429c3451fdce
  Masonry: 678fab65091a9290e40e2832a55e7ab731aad201
  SVProgressHUD: 1428aafac632c1f86f62aa4243ec12008d7a51d6
  TXLiteAVSDK_TRTC: 2ac893645cde6ac353e5374d0b8fb08ec34f2fb8

PODFILE CHECKSUM: 04c47e8b7064210bf9a5770c9a45796b1c9ff392

COCOAPODS: 1.10.1
