PODS:
  - AFNetworking (4.0.1):
    - AFNetworking/NSURLSession (= 4.0.1)
    - AFNetworking/Reachability (= 4.0.1)
    - AFNetworking/Security (= 4.0.1)
    - AFNetworking/Serialization (= 4.0.1)
    - AFNetworking/UIKit (= 4.0.1)
  - AFNetworking/NSURLSession (4.0.1):
    - AFNetworking/Reachability
    - AFNetworking/Security
    - AFNetworking/Serialization
  - AFNetworking/Reachability (4.0.1)
  - AFNetworking/Security (4.0.1)
  - AFNetworking/Serialization (4.0.1)
  - AFNetworking/UIKit (4.0.1):
    - AFNetworking/NSURLSession
  - Masonry (1.1.0)
  - Nama (7.3.0)
  - SVProgressHUD (2.2.5)
  - TXLiteAVSDK_TRTC (8.3.9878)

DEPENDENCIES:
  - AFNetworking
  - Masonry
  - Nama (~> 7.3.0)
  - SVProgressHUD
  - TXLiteAVSDK_TRTC

SPEC REPOS:
  trunk:
    - AFNetworking
    - Masonry
    - Nama
    - SVProgressHUD
    - TXLiteAVSDK_TRTC

SPEC CHECKSUMS:
  AFNetworking: 7864c38297c79aaca1500c33288e429c3451fdce
  Masonry: 678fab65091a9290e40e2832a55e7ab731aad201
  Nama: 3e494eab87352c613f4435ba62cc1116df43e04d
  SVProgressHUD: 1428aafac632c1f86f62aa4243ec12008d7a51d6
  TXLiteAVSDK_TRTC: eb6357112a554b9b093ba45971afef8fc9c0308e

PODFILE CHECKSUM: 5eedccb36485f6faca00d02e39d70c829e6f77e3

COCOAPODS: 1.9.3
