PODS:
  - TXLiteAVSDK_TRTC (11.3.14333):
    - TXLiteAVSDK_TRTC/TRTC (= 11.3.14333)
  - TXLiteAVSDK_TRTC/ReplayKitExt (11.3.14333)
  - TXLiteAVSDK_TRTC/TRTC (11.3.14333)

DEPENDENCIES:
  - TXLiteAVSDK_TRTC (~> 11.2)
  - TXLiteAVSDK_TRTC/ReplayKitExt

SPEC REPOS:
  trunk:
    - TXLiteAVSDK_TRTC

SPEC CHECKSUMS:
  TXLiteAVSDK_TRTC: 782401cf733d676c849a7d0a2f50150e1173351b

PODFILE CHECKSUM: 1041627f223a999b81e31b7e8e5f872f0014ad2d

COCOAPODS: 1.11.3
