// !$*UTF8*$!
{
	archiveVersion = 1;
	classes = {
	};
	objectVersion = 52;
	objects = {

/* Begin PBXBuildFile section */
		2D9786952523315A00D30722 /* ViewController.m in Sources */ = {isa = PBXBuildFile; fileRef = 2D97868A2523315A00D30722 /* ViewController.m */; };
		2D9786962523315A00D30722 /* main.m in Sources */ = {isa = PBXBuildFile; fileRef = 2D97868B2523315A00D30722 /* main.m */; };
		2D9786972523315A00D30722 /* AppDelegate.m in Sources */ = {isa = PBXBuildFile; fileRef = 2D97868C2523315A00D30722 /* AppDelegate.m */; };
		2D9786C8252334CC00D30722 /* Assets.xcassets in Resources */ = {isa = PBXBuildFile; fileRef = 2D9786C2252334CC00D30722 /* Assets.xcassets */; };
		2D9786C9252334CC00D30722 /* LaunchScreen.storyboard in Resources */ = {isa = PBXBuildFile; fileRef = 2D9786C3252334CC00D30722 /* LaunchScreen.storyboard */; };
		2D9786CA252334CC00D30722 /* Main.storyboard in Resources */ = {isa = PBXBuildFile; fileRef = 2D9786C5252334CC00D30722 /* Main.storyboard */; };
		2DD8260F25806A71008FC8D8 /* CoreML.framework in Frameworks */ = {isa = PBXBuildFile; fileRef = 2DDF88E725235A9A005ECFFE /* CoreML.framework */; settings = {ATTRIBUTES = (Weak, ); }; };
		2DDF87CD25233B9F005ECFFE /* TRTCViewController.m in Sources */ = {isa = PBXBuildFile; fileRef = 2DDF87CC25233B9F005ECFFE /* TRTCViewController.m */; };
		2DDF87D125235385005ECFFE /* TRTRCRoomViewController.m in Sources */ = {isa = PBXBuildFile; fileRef = 2DDF87D025235385005ECFFE /* TRTRCRoomViewController.m */; };
		2DDF88EA25235AB7005ECFFE /* libc++.tbd in Frameworks */ = {isa = PBXBuildFile; fileRef = 2DDF88E925235AAF005ECFFE /* libc++.tbd */; };
		2DDF88FE25235C54005ECFFE /* libresolv.tbd in Frameworks */ = {isa = PBXBuildFile; fileRef = 2DDF88FD25235C4A005ECFFE /* libresolv.tbd */; };
		2DDF890025235C71005ECFFE /* libiconv.tbd in Frameworks */ = {isa = PBXBuildFile; fileRef = 2DDF88FF25235C67005ECFFE /* libiconv.tbd */; };
		2DDF890E25235EAB005ECFFE /* GenerateTestUserSig.m in Sources */ = {isa = PBXBuildFile; fileRef = 2DDF890C25235EAB005ECFFE /* GenerateTestUserSig.m */; };
		2DDF8921252410B2005ECFFE /* UIView+Additions.m in Sources */ = {isa = PBXBuildFile; fileRef = 2DDF8912252410B2005ECFFE /* UIView+Additions.m */; };
		2DDF8922252410B2005ECFFE /* NSData+Common.m in Sources */ = {isa = PBXBuildFile; fileRef = 2DDF8913252410B2005ECFFE /* NSData+Common.m */; };
		2DDF8923252410B2005ECFFE /* NSString+Common.m in Sources */ = {isa = PBXBuildFile; fileRef = 2DDF8914252410B2005ECFFE /* NSString+Common.m */; };
		2DDF8924252410B2005ECFFE /* NSString+UISize.m in Sources */ = {isa = PBXBuildFile; fileRef = 2DDF8915252410B2005ECFFE /* NSString+UISize.m */; };
		2DDF8925252410B2005ECFFE /* BeautySettingPanel.m in Sources */ = {isa = PBXBuildFile; fileRef = 2DDF891A252410B2005ECFFE /* BeautySettingPanel.m */; };
		2DDF8926252410B2005ECFFE /* TextCell.m in Sources */ = {isa = PBXBuildFile; fileRef = 2DDF891C252410B2005ECFFE /* TextCell.m */; };
		2DDF8927252410B2005ECFFE /* ControlView.m in Sources */ = {isa = PBXBuildFile; fileRef = 2DDF891D252410B2005ECFFE /* ControlView.m */; };
		ADE9AC7F1833A79229630E25 /* libPods-TRTCSimpleDemo.a in Frameworks */ = {isa = PBXBuildFile; fileRef = BD4C734E347DE44EBEAE4A70 /* libPods-TRTCSimpleDemo.a */; };
		E32D4E1C26382A9100E6C1C2 /* ai_human_processor_mb_fast.bundle in Resources */ = {isa = PBXBuildFile; fileRef = E32D4E0D26382A9100E6C1C2 /* ai_human_processor_mb_fast.bundle */; };
		E32D4E1D26382A9100E6C1C2 /* ai_hand_processor.bundle in Resources */ = {isa = PBXBuildFile; fileRef = E32D4E0E26382A9100E6C1C2 /* ai_hand_processor.bundle */; };
		E32D4E1E26382A9100E6C1C2 /* ai_face_processor.bundle in Resources */ = {isa = PBXBuildFile; fileRef = E32D4E0F26382A9100E6C1C2 /* ai_face_processor.bundle */; };
		E32D4E1F26382A9100E6C1C2 /* ai_bgseg_green.bundle in Resources */ = {isa = PBXBuildFile; fileRef = E32D4E1026382A9100E6C1C2 /* ai_bgseg_green.bundle */; };
		E32D4E2026382A9100E6C1C2 /* ai_face_processor_lite.bundle in Resources */ = {isa = PBXBuildFile; fileRef = E32D4E1126382A9100E6C1C2 /* ai_face_processor_lite.bundle */; };
		E32D4E2126382A9100E6C1C2 /* ai_hairseg.bundle in Resources */ = {isa = PBXBuildFile; fileRef = E32D4E1226382A9100E6C1C2 /* ai_hairseg.bundle */; };
		E32D4E2226382A9100E6C1C2 /* ai_human_processor.bundle in Resources */ = {isa = PBXBuildFile; fileRef = E32D4E1326382A9100E6C1C2 /* ai_human_processor.bundle */; };
		E32D4E2326382A9100E6C1C2 /* tongue.bundle in Resources */ = {isa = PBXBuildFile; fileRef = E32D4E1526382A9100E6C1C2 /* tongue.bundle */; };
		E32D4E2426382A9100E6C1C2 /* fxaa.bundle in Resources */ = {isa = PBXBuildFile; fileRef = E32D4E1626382A9100E6C1C2 /* fxaa.bundle */; };
		E32D4E2526382A9100E6C1C2 /* face_makeup.bundle in Resources */ = {isa = PBXBuildFile; fileRef = E32D4E1726382A9100E6C1C2 /* face_makeup.bundle */; };
		E32D4E2626382A9100E6C1C2 /* controller_cpp.bundle in Resources */ = {isa = PBXBuildFile; fileRef = E32D4E1826382A9100E6C1C2 /* controller_cpp.bundle */; };
		E32D4E2726382A9100E6C1C2 /* body_slim.bundle in Resources */ = {isa = PBXBuildFile; fileRef = E32D4E1926382A9100E6C1C2 /* body_slim.bundle */; };
		E32D4E2826382A9100E6C1C2 /* fuzzytoonfilter.bundle in Resources */ = {isa = PBXBuildFile; fileRef = E32D4E1A26382A9100E6C1C2 /* fuzzytoonfilter.bundle */; };
		E32D4E2926382A9100E6C1C2 /* face_beautification.bundle in Resources */ = {isa = PBXBuildFile; fileRef = E32D4E1B26382A9100E6C1C2 /* face_beautification.bundle */; };
		E3BB027A271558FD00E3B367 /* FUViewModel.m in Sources */ = {isa = PBXBuildFile; fileRef = E3BB022B271558FD00E3B367 /* FUViewModel.m */; };
		E3BB027B271558FD00E3B367 /* FUBeautySkinViewModel.m in Sources */ = {isa = PBXBuildFile; fileRef = E3BB022C271558FD00E3B367 /* FUBeautySkinViewModel.m */; };
		E3BB027C271558FD00E3B367 /* FUBeautyShapeViewModel.m in Sources */ = {isa = PBXBuildFile; fileRef = E3BB022D271558FD00E3B367 /* FUBeautyShapeViewModel.m */; };
		E3BB027D271558FD00E3B367 /* FUStickerViewModel.m in Sources */ = {isa = PBXBuildFile; fileRef = E3BB0234271558FD00E3B367 /* FUStickerViewModel.m */; };
		E3BB027E271558FD00E3B367 /* FUMakeupViewModel.m in Sources */ = {isa = PBXBuildFile; fileRef = E3BB0236271558FD00E3B367 /* FUMakeupViewModel.m */; };
		E3BB027F271558FD00E3B367 /* FUFilterViewModel.m in Sources */ = {isa = PBXBuildFile; fileRef = E3BB0237271558FD00E3B367 /* FUFilterViewModel.m */; };
		E3BB0280271558FD00E3B367 /* FUBeautyBodyViewModel.m in Sources */ = {isa = PBXBuildFile; fileRef = E3BB0238271558FD00E3B367 /* FUBeautyBodyViewModel.m */; };
		E3BB0281271558FD00E3B367 /* FUDemoManager.m in Sources */ = {isa = PBXBuildFile; fileRef = E3BB023A271558FD00E3B367 /* FUDemoManager.m */; };
		E3BB0282271558FD00E3B367 /* FUTestRecorder.m in Sources */ = {isa = PBXBuildFile; fileRef = E3BB023E271558FD00E3B367 /* FUTestRecorder.m */; };
		E3BB0283271558FD00E3B367 /* FUBeautyShapeModel.m in Sources */ = {isa = PBXBuildFile; fileRef = E3BB0241271558FD00E3B367 /* FUBeautyShapeModel.m */; };
		E3BB0284271558FD00E3B367 /* FUBeautySkinModel.m in Sources */ = {isa = PBXBuildFile; fileRef = E3BB0242271558FD00E3B367 /* FUBeautySkinModel.m */; };
		E3BB0285271558FD00E3B367 /* FUBeautyBodyModel.m in Sources */ = {isa = PBXBuildFile; fileRef = E3BB0243271558FD00E3B367 /* FUBeautyBodyModel.m */; };
		E3BB0286271558FD00E3B367 /* FUFilterModel.m in Sources */ = {isa = PBXBuildFile; fileRef = E3BB0244271558FD00E3B367 /* FUFilterModel.m */; };
		E3BB0287271558FD00E3B367 /* FUModel.m in Sources */ = {isa = PBXBuildFile; fileRef = E3BB0248271558FD00E3B367 /* FUModel.m */; };
		E3BB0288271558FD00E3B367 /* FUStickerModel.m in Sources */ = {isa = PBXBuildFile; fileRef = E3BB024C271558FD00E3B367 /* FUStickerModel.m */; };
		E3BB0289271558FD00E3B367 /* FUMakeupModel.m in Sources */ = {isa = PBXBuildFile; fileRef = E3BB024D271558FD00E3B367 /* FUMakeupModel.m */; };
		E3BB028A271558FD00E3B367 /* FUBottomBar.m in Sources */ = {isa = PBXBuildFile; fileRef = E3BB024F271558FD00E3B367 /* FUBottomBar.m */; };
		E3BB028B271558FD00E3B367 /* FUSlider.m in Sources */ = {isa = PBXBuildFile; fileRef = E3BB0251271558FD00E3B367 /* FUSlider.m */; };
		E3BB028C271558FD00E3B367 /* FUSquareButton.m in Sources */ = {isa = PBXBuildFile; fileRef = E3BB0252271558FD00E3B367 /* FUSquareButton.m */; };
		E3BB028D271558FD00E3B367 /* FUOthersFunctionView.m in Sources */ = {isa = PBXBuildFile; fileRef = E3BB0254271558FD00E3B367 /* FUOthersFunctionView.m */; };
		E3BB028E271558FD00E3B367 /* FUFunctionView.m in Sources */ = {isa = PBXBuildFile; fileRef = E3BB0257271558FD00E3B367 /* FUFunctionView.m */; };
		E3BB028F271558FD00E3B367 /* FUBeautyFunctionView.m in Sources */ = {isa = PBXBuildFile; fileRef = E3BB0258271558FD00E3B367 /* FUBeautyFunctionView.m */; };
		E3BB0290271558FD00E3B367 /* FaceUnity.strings in Resources */ = {isa = PBXBuildFile; fileRef = E3BB025D271558FD00E3B367 /* FaceUnity.strings */; };
		E3BB0291271558FD00E3B367 /* oumei.bundle in Resources */ = {isa = PBXBuildFile; fileRef = E3BB0260271558FD00E3B367 /* oumei.bundle */; };
		E3BB0292271558FD00E3B367 /* Rose.bundle in Resources */ = {isa = PBXBuildFile; fileRef = E3BB0261271558FD00E3B367 /* Rose.bundle */; };
		E3BB0293271558FD00E3B367 /* linjia.bundle in Resources */ = {isa = PBXBuildFile; fileRef = E3BB0262271558FD00E3B367 /* linjia.bundle */; };
		E3BB0294271558FD00E3B367 /* yanshimao.bundle in Resources */ = {isa = PBXBuildFile; fileRef = E3BB0263271558FD00E3B367 /* yanshimao.bundle */; };
		E3BB0295271558FD00E3B367 /* tianmei.bundle in Resources */ = {isa = PBXBuildFile; fileRef = E3BB0264271558FD00E3B367 /* tianmei.bundle */; };
		E3BB0296271558FD00E3B367 /* ziyun.bundle in Resources */ = {isa = PBXBuildFile; fileRef = E3BB0265271558FD00E3B367 /* ziyun.bundle */; };
		E3BB0297271558FD00E3B367 /* chaomo.bundle in Resources */ = {isa = PBXBuildFile; fileRef = E3BB0266271558FD00E3B367 /* chaomo.bundle */; };
		E3BB0298271558FD00E3B367 /* hongfeng.bundle in Resources */ = {isa = PBXBuildFile; fileRef = E3BB0267271558FD00E3B367 /* hongfeng.bundle */; };
		E3BB0299271558FD00E3B367 /* jianling.bundle in Resources */ = {isa = PBXBuildFile; fileRef = E3BB0268271558FD00E3B367 /* jianling.bundle */; };
		E3BB029A271558FD00E3B367 /* gangfeng.bundle in Resources */ = {isa = PBXBuildFile; fileRef = E3BB0269271558FD00E3B367 /* gangfeng.bundle */; };
		E3BB029B271558FD00E3B367 /* chuju.bundle in Resources */ = {isa = PBXBuildFile; fileRef = E3BB026A271558FD00E3B367 /* chuju.bundle */; };
		E3BB029C271558FD00E3B367 /* renyu.bundle in Resources */ = {isa = PBXBuildFile; fileRef = E3BB026B271558FD00E3B367 /* renyu.bundle */; };
		E3BB029D271558FD00E3B367 /* qianzhihe.bundle in Resources */ = {isa = PBXBuildFile; fileRef = E3BB026C271558FD00E3B367 /* qianzhihe.bundle */; };
		E3BB029E271558FD00E3B367 /* wumei.bundle in Resources */ = {isa = PBXBuildFile; fileRef = E3BB026D271558FD00E3B367 /* wumei.bundle */; };
		E3BB029F271558FD00E3B367 /* shaonv.bundle in Resources */ = {isa = PBXBuildFile; fileRef = E3BB026E271558FD00E3B367 /* shaonv.bundle */; };
		E3BB02A0271558FD00E3B367 /* chuqiu.bundle in Resources */ = {isa = PBXBuildFile; fileRef = E3BB026F271558FD00E3B367 /* chuqiu.bundle */; };
		E3BB02A1271558FD00E3B367 /* nuandong.bundle in Resources */ = {isa = PBXBuildFile; fileRef = E3BB0270271558FD00E3B367 /* nuandong.bundle */; };
		E3BB02A2271558FD00E3B367 /* xinggan.bundle in Resources */ = {isa = PBXBuildFile; fileRef = E3BB0271271558FD00E3B367 /* xinggan.bundle */; };
		E3BB02A3271558FD00E3B367 /* FaceUnity.xcassets in Resources */ = {isa = PBXBuildFile; fileRef = E3BB0273271558FD00E3B367 /* FaceUnity.xcassets */; };
		E3BB02A4271558FD00E3B367 /* fashi.bundle in Resources */ = {isa = PBXBuildFile; fileRef = E3BB0275271558FD00E3B367 /* fashi.bundle */; };
		E3BB02A5271558FD00E3B367 /* sdlu.bundle in Resources */ = {isa = PBXBuildFile; fileRef = E3BB0276271558FD00E3B367 /* sdlu.bundle */; };
		E3BB02A6271558FD00E3B367 /* xueqiu_lm_fu.bundle in Resources */ = {isa = PBXBuildFile; fileRef = E3BB0277271558FD00E3B367 /* xueqiu_lm_fu.bundle */; };
		E3BB02A7271558FD00E3B367 /* DaisyPig.bundle in Resources */ = {isa = PBXBuildFile; fileRef = E3BB0278271558FD00E3B367 /* DaisyPig.bundle */; };
		E3BB02A8271558FD00E3B367 /* FUManager.m in Sources */ = {isa = PBXBuildFile; fileRef = E3BB0279271558FD00E3B367 /* FUManager.m */; };
		E3F9B6DB2729398400F3C214 /* FURenderKit.framework in Frameworks */ = {isa = PBXBuildFile; fileRef = E3F9B6D92729397D00F3C214 /* FURenderKit.framework */; platformFilter = ios; };
		E3F9B6DC2729398400F3C214 /* FURenderKit.framework in Embed Frameworks */ = {isa = PBXBuildFile; fileRef = E3F9B6D92729397D00F3C214 /* FURenderKit.framework */; platformFilter = ios; settings = {ATTRIBUTES = (CodeSignOnCopy, RemoveHeadersOnCopy, ); }; };
/* End PBXBuildFile section */

/* Begin PBXCopyFilesBuildPhase section */
		2DDF88DE25235A70005ECFFE /* Embed Frameworks */ = {
			isa = PBXCopyFilesBuildPhase;
			buildActionMask = 2147483647;
			dstPath = "";
			dstSubfolderSpec = 10;
			files = (
				E3F9B6DC2729398400F3C214 /* FURenderKit.framework in Embed Frameworks */,
			);
			name = "Embed Frameworks";
			runOnlyForDeploymentPostprocessing = 0;
		};
/* End PBXCopyFilesBuildPhase section */

/* Begin PBXFileReference section */
		190997F181F7C88655043DB9 /* Pods-TRTCSimpleDemo-TRTCSimpleDemoUITests.debug.xcconfig */ = {isa = PBXFileReference; includeInIndex = 1; lastKnownFileType = text.xcconfig; name = "Pods-TRTCSimpleDemo-TRTCSimpleDemoUITests.debug.xcconfig"; path = "Target Support Files/Pods-TRTCSimpleDemo-TRTCSimpleDemoUITests/Pods-TRTCSimpleDemo-TRTCSimpleDemoUITests.debug.xcconfig"; sourceTree = "<group>"; };
		2D6B1F30252337A60004BF30 /* Info.plist */ = {isa = PBXFileReference; fileEncoding = 4; lastKnownFileType = text.plist.xml; path = Info.plist; sourceTree = "<group>"; };
		2D97861E2523226C00D30722 /* TRTCSimpleDemo.app */ = {isa = PBXFileReference; explicitFileType = wrapper.application; includeInIndex = 0; path = TRTCSimpleDemo.app; sourceTree = BUILT_PRODUCTS_DIR; };
		2D9786892523315A00D30722 /* AppDelegate.h */ = {isa = PBXFileReference; fileEncoding = 4; lastKnownFileType = sourcecode.c.h; path = AppDelegate.h; sourceTree = "<group>"; };
		2D97868A2523315A00D30722 /* ViewController.m */ = {isa = PBXFileReference; fileEncoding = 4; lastKnownFileType = sourcecode.c.objc; path = ViewController.m; sourceTree = "<group>"; };
		2D97868B2523315A00D30722 /* main.m */ = {isa = PBXFileReference; fileEncoding = 4; lastKnownFileType = sourcecode.c.objc; path = main.m; sourceTree = "<group>"; };
		2D97868C2523315A00D30722 /* AppDelegate.m */ = {isa = PBXFileReference; fileEncoding = 4; lastKnownFileType = sourcecode.c.objc; path = AppDelegate.m; sourceTree = "<group>"; };
		2D97868D2523315A00D30722 /* ViewController.h */ = {isa = PBXFileReference; fileEncoding = 4; lastKnownFileType = sourcecode.c.h; path = ViewController.h; sourceTree = "<group>"; };
		2D9786C2252334CC00D30722 /* Assets.xcassets */ = {isa = PBXFileReference; lastKnownFileType = folder.assetcatalog; path = Assets.xcassets; sourceTree = "<group>"; };
		2D9786C4252334CC00D30722 /* Base */ = {isa = PBXFileReference; lastKnownFileType = file.storyboard; name = Base; path = Base.lproj/LaunchScreen.storyboard; sourceTree = "<group>"; };
		2D9786C6252334CC00D30722 /* Base */ = {isa = PBXFileReference; lastKnownFileType = file.storyboard; name = Base; path = Base.lproj/Main.storyboard; sourceTree = "<group>"; };
		2DDF87CB25233B9F005ECFFE /* TRTCViewController.h */ = {isa = PBXFileReference; lastKnownFileType = sourcecode.c.h; path = TRTCViewController.h; sourceTree = "<group>"; };
		2DDF87CC25233B9F005ECFFE /* TRTCViewController.m */ = {isa = PBXFileReference; lastKnownFileType = sourcecode.c.objc; path = TRTCViewController.m; sourceTree = "<group>"; };
		2DDF87CF25235385005ECFFE /* TRTRCRoomViewController.h */ = {isa = PBXFileReference; lastKnownFileType = sourcecode.c.h; path = TRTRCRoomViewController.h; sourceTree = "<group>"; };
		2DDF87D025235385005ECFFE /* TRTRCRoomViewController.m */ = {isa = PBXFileReference; lastKnownFileType = sourcecode.c.objc; path = TRTRCRoomViewController.m; sourceTree = "<group>"; };
		2DDF88DF25235A77005ECFFE /* AVFoundation.framework */ = {isa = PBXFileReference; lastKnownFileType = wrapper.framework; name = AVFoundation.framework; path = System/Library/Frameworks/AVFoundation.framework; sourceTree = SDKROOT; };
		2DDF88E125235A7E005ECFFE /* Accelerate.framework */ = {isa = PBXFileReference; lastKnownFileType = wrapper.framework; name = Accelerate.framework; path = System/Library/Frameworks/Accelerate.framework; sourceTree = SDKROOT; };
		2DDF88E325235A84005ECFFE /* OpenGLES.framework */ = {isa = PBXFileReference; lastKnownFileType = wrapper.framework; name = OpenGLES.framework; path = System/Library/Frameworks/OpenGLES.framework; sourceTree = SDKROOT; };
		2DDF88E525235A92005ECFFE /* CoreMedia.framework */ = {isa = PBXFileReference; lastKnownFileType = wrapper.framework; name = CoreMedia.framework; path = System/Library/Frameworks/CoreMedia.framework; sourceTree = SDKROOT; };
		2DDF88E725235A9A005ECFFE /* CoreML.framework */ = {isa = PBXFileReference; lastKnownFileType = wrapper.framework; name = CoreML.framework; path = System/Library/Frameworks/CoreML.framework; sourceTree = SDKROOT; };
		2DDF88E925235AAF005ECFFE /* libc++.tbd */ = {isa = PBXFileReference; lastKnownFileType = "sourcecode.text-based-dylib-definition"; name = "libc++.tbd"; path = "usr/lib/libc++.tbd"; sourceTree = SDKROOT; };
		2DDF88EB25235B4B005ECFFE /* TXLiteAVSDK_ReplayKitExt.framework */ = {isa = PBXFileReference; lastKnownFileType = wrapper.framework; name = TXLiteAVSDK_ReplayKitExt.framework; path = TRTCSimpleDemo/SDK/TXLiteAVSDK_ReplayKitExt.framework; sourceTree = "<group>"; };
		2DDF88EE25235B56005ECFFE /* TXLiteAVSDK_TRTC.framework */ = {isa = PBXFileReference; lastKnownFileType = wrapper.framework; name = TXLiteAVSDK_TRTC.framework; path = TRTCSimpleDemo/SDK/TXLiteAVSDK_TRTC.framework; sourceTree = "<group>"; };
		2DDF88FD25235C4A005ECFFE /* libresolv.tbd */ = {isa = PBXFileReference; lastKnownFileType = "sourcecode.text-based-dylib-definition"; name = libresolv.tbd; path = usr/lib/libresolv.tbd; sourceTree = SDKROOT; };
		2DDF88FF25235C67005ECFFE /* libiconv.tbd */ = {isa = PBXFileReference; lastKnownFileType = "sourcecode.text-based-dylib-definition"; name = libiconv.tbd; path = usr/lib/libiconv.tbd; sourceTree = SDKROOT; };
		2DDF890525235CAF005ECFFE /* ReplayKit.framework */ = {isa = PBXFileReference; lastKnownFileType = wrapper.framework; name = ReplayKit.framework; path = System/Library/Frameworks/ReplayKit.framework; sourceTree = SDKROOT; };
		2DDF890C25235EAB005ECFFE /* GenerateTestUserSig.m */ = {isa = PBXFileReference; fileEncoding = 4; lastKnownFileType = sourcecode.c.objc; path = GenerateTestUserSig.m; sourceTree = "<group>"; };
		2DDF890D25235EAB005ECFFE /* GenerateTestUserSig.h */ = {isa = PBXFileReference; fileEncoding = 4; lastKnownFileType = sourcecode.c.h; path = GenerateTestUserSig.h; sourceTree = "<group>"; };
		2DDF8910252410B2005ECFFE /* NSString+Common.h */ = {isa = PBXFileReference; fileEncoding = 4; lastKnownFileType = sourcecode.c.h; path = "NSString+Common.h"; sourceTree = "<group>"; };
		2DDF8911252410B2005ECFFE /* NSString+UISize.h */ = {isa = PBXFileReference; fileEncoding = 4; lastKnownFileType = sourcecode.c.h; path = "NSString+UISize.h"; sourceTree = "<group>"; };
		2DDF8912252410B2005ECFFE /* UIView+Additions.m */ = {isa = PBXFileReference; fileEncoding = 4; lastKnownFileType = sourcecode.c.objc; path = "UIView+Additions.m"; sourceTree = "<group>"; };
		2DDF8913252410B2005ECFFE /* NSData+Common.m */ = {isa = PBXFileReference; fileEncoding = 4; lastKnownFileType = sourcecode.c.objc; path = "NSData+Common.m"; sourceTree = "<group>"; };
		2DDF8914252410B2005ECFFE /* NSString+Common.m */ = {isa = PBXFileReference; fileEncoding = 4; lastKnownFileType = sourcecode.c.objc; path = "NSString+Common.m"; sourceTree = "<group>"; };
		2DDF8915252410B2005ECFFE /* NSString+UISize.m */ = {isa = PBXFileReference; fileEncoding = 4; lastKnownFileType = sourcecode.c.objc; path = "NSString+UISize.m"; sourceTree = "<group>"; };
		2DDF8916252410B2005ECFFE /* NSData+Common.h */ = {isa = PBXFileReference; fileEncoding = 4; lastKnownFileType = sourcecode.c.h; path = "NSData+Common.h"; sourceTree = "<group>"; };
		2DDF8917252410B2005ECFFE /* UIView+Additions.h */ = {isa = PBXFileReference; fileEncoding = 4; lastKnownFileType = sourcecode.c.h; path = "UIView+Additions.h"; sourceTree = "<group>"; };
		2DDF8919252410B2005ECFFE /* ControlView.h */ = {isa = PBXFileReference; fileEncoding = 4; lastKnownFileType = sourcecode.c.h; path = ControlView.h; sourceTree = "<group>"; };
		2DDF891A252410B2005ECFFE /* BeautySettingPanel.m */ = {isa = PBXFileReference; fileEncoding = 4; lastKnownFileType = sourcecode.c.objc; path = BeautySettingPanel.m; sourceTree = "<group>"; };
		2DDF891B252410B2005ECFFE /* PituMotionAddress.h */ = {isa = PBXFileReference; fileEncoding = 4; lastKnownFileType = sourcecode.c.h; path = PituMotionAddress.h; sourceTree = "<group>"; };
		2DDF891C252410B2005ECFFE /* TextCell.m */ = {isa = PBXFileReference; fileEncoding = 4; lastKnownFileType = sourcecode.c.objc; path = TextCell.m; sourceTree = "<group>"; };
		2DDF891D252410B2005ECFFE /* ControlView.m */ = {isa = PBXFileReference; fileEncoding = 4; lastKnownFileType = sourcecode.c.objc; path = ControlView.m; sourceTree = "<group>"; };
		2DDF891E252410B2005ECFFE /* BeautySettingPanel.h */ = {isa = PBXFileReference; fileEncoding = 4; lastKnownFileType = sourcecode.c.h; path = BeautySettingPanel.h; sourceTree = "<group>"; };
		2DDF891F252410B2005ECFFE /* TextCell.h */ = {isa = PBXFileReference; fileEncoding = 4; lastKnownFileType = sourcecode.c.h; path = TextCell.h; sourceTree = "<group>"; };
		2DDF8920252410B2005ECFFE /* ColorMacro.h */ = {isa = PBXFileReference; fileEncoding = 4; lastKnownFileType = sourcecode.c.h; path = ColorMacro.h; sourceTree = "<group>"; };
		4FAEE416B2FC468B371B0E0F /* Pods-TRTCSimpleDemoTests.release.xcconfig */ = {isa = PBXFileReference; includeInIndex = 1; lastKnownFileType = text.xcconfig; name = "Pods-TRTCSimpleDemoTests.release.xcconfig"; path = "Target Support Files/Pods-TRTCSimpleDemoTests/Pods-TRTCSimpleDemoTests.release.xcconfig"; sourceTree = "<group>"; };
		6F3158C009FFEF33A4A6AD86 /* libPods-TRTCSimpleDemo-TRTCSimpleDemoUITests.a */ = {isa = PBXFileReference; explicitFileType = archive.ar; includeInIndex = 0; path = "libPods-TRTCSimpleDemo-TRTCSimpleDemoUITests.a"; sourceTree = BUILT_PRODUCTS_DIR; };
		80238F037F15FBB43BE285CD /* Pods-TRTCSimpleDemo-TRTCSimpleDemoUITests.release.xcconfig */ = {isa = PBXFileReference; includeInIndex = 1; lastKnownFileType = text.xcconfig; name = "Pods-TRTCSimpleDemo-TRTCSimpleDemoUITests.release.xcconfig"; path = "Target Support Files/Pods-TRTCSimpleDemo-TRTCSimpleDemoUITests/Pods-TRTCSimpleDemo-TRTCSimpleDemoUITests.release.xcconfig"; sourceTree = "<group>"; };
		91A8CDA3F83594221778CAA9 /* Pods-TRTCSimpleDemoTests.debug.xcconfig */ = {isa = PBXFileReference; includeInIndex = 1; lastKnownFileType = text.xcconfig; name = "Pods-TRTCSimpleDemoTests.debug.xcconfig"; path = "Target Support Files/Pods-TRTCSimpleDemoTests/Pods-TRTCSimpleDemoTests.debug.xcconfig"; sourceTree = "<group>"; };
		BD4C734E347DE44EBEAE4A70 /* libPods-TRTCSimpleDemo.a */ = {isa = PBXFileReference; explicitFileType = archive.ar; includeInIndex = 0; path = "libPods-TRTCSimpleDemo.a"; sourceTree = BUILT_PRODUCTS_DIR; };
		BD7ACBB68CE2CD7085D72323 /* libPods-TRTCSimpleDemoTests.a */ = {isa = PBXFileReference; explicitFileType = archive.ar; includeInIndex = 0; path = "libPods-TRTCSimpleDemoTests.a"; sourceTree = BUILT_PRODUCTS_DIR; };
		E32D4DA22638187300E6C1C2 /* authpack.h */ = {isa = PBXFileReference; fileEncoding = 4; lastKnownFileType = sourcecode.c.h; path = authpack.h; sourceTree = "<group>"; };
		E32D4E0D26382A9100E6C1C2 /* ai_human_processor_mb_fast.bundle */ = {isa = PBXFileReference; lastKnownFileType = file; path = ai_human_processor_mb_fast.bundle; sourceTree = "<group>"; };
		E32D4E0E26382A9100E6C1C2 /* ai_hand_processor.bundle */ = {isa = PBXFileReference; lastKnownFileType = file; path = ai_hand_processor.bundle; sourceTree = "<group>"; };
		E32D4E0F26382A9100E6C1C2 /* ai_face_processor.bundle */ = {isa = PBXFileReference; lastKnownFileType = file; path = ai_face_processor.bundle; sourceTree = "<group>"; };
		E32D4E1026382A9100E6C1C2 /* ai_bgseg_green.bundle */ = {isa = PBXFileReference; lastKnownFileType = file; path = ai_bgseg_green.bundle; sourceTree = "<group>"; };
		E32D4E1126382A9100E6C1C2 /* ai_face_processor_lite.bundle */ = {isa = PBXFileReference; lastKnownFileType = file; path = ai_face_processor_lite.bundle; sourceTree = "<group>"; };
		E32D4E1226382A9100E6C1C2 /* ai_hairseg.bundle */ = {isa = PBXFileReference; lastKnownFileType = file; path = ai_hairseg.bundle; sourceTree = "<group>"; };
		E32D4E1326382A9100E6C1C2 /* ai_human_processor.bundle */ = {isa = PBXFileReference; lastKnownFileType = file; path = ai_human_processor.bundle; sourceTree = "<group>"; };
		E32D4E1526382A9100E6C1C2 /* tongue.bundle */ = {isa = PBXFileReference; lastKnownFileType = file; path = tongue.bundle; sourceTree = "<group>"; };
		E32D4E1626382A9100E6C1C2 /* fxaa.bundle */ = {isa = PBXFileReference; lastKnownFileType = file; path = fxaa.bundle; sourceTree = "<group>"; };
		E32D4E1726382A9100E6C1C2 /* face_makeup.bundle */ = {isa = PBXFileReference; lastKnownFileType = file; path = face_makeup.bundle; sourceTree = "<group>"; };
		E32D4E1826382A9100E6C1C2 /* controller_cpp.bundle */ = {isa = PBXFileReference; lastKnownFileType = file; path = controller_cpp.bundle; sourceTree = "<group>"; };
		E32D4E1926382A9100E6C1C2 /* body_slim.bundle */ = {isa = PBXFileReference; lastKnownFileType = file; path = body_slim.bundle; sourceTree = "<group>"; };
		E32D4E1A26382A9100E6C1C2 /* fuzzytoonfilter.bundle */ = {isa = PBXFileReference; lastKnownFileType = file; path = fuzzytoonfilter.bundle; sourceTree = "<group>"; };
		E32D4E1B26382A9100E6C1C2 /* face_beautification.bundle */ = {isa = PBXFileReference; lastKnownFileType = file; path = face_beautification.bundle; sourceTree = "<group>"; };
		E3BB022B271558FD00E3B367 /* FUViewModel.m */ = {isa = PBXFileReference; fileEncoding = 4; lastKnownFileType = sourcecode.c.objc; path = FUViewModel.m; sourceTree = "<group>"; };
		E3BB022C271558FD00E3B367 /* FUBeautySkinViewModel.m */ = {isa = PBXFileReference; fileEncoding = 4; lastKnownFileType = sourcecode.c.objc; path = FUBeautySkinViewModel.m; sourceTree = "<group>"; };
		E3BB022D271558FD00E3B367 /* FUBeautyShapeViewModel.m */ = {isa = PBXFileReference; fileEncoding = 4; lastKnownFileType = sourcecode.c.objc; path = FUBeautyShapeViewModel.m; sourceTree = "<group>"; };
		E3BB022E271558FD00E3B367 /* FUStickerViewModel.h */ = {isa = PBXFileReference; fileEncoding = 4; lastKnownFileType = sourcecode.c.h; path = FUStickerViewModel.h; sourceTree = "<group>"; };
		E3BB022F271558FD00E3B367 /* FUBeautyBodyViewModel.h */ = {isa = PBXFileReference; fileEncoding = 4; lastKnownFileType = sourcecode.c.h; path = FUBeautyBodyViewModel.h; sourceTree = "<group>"; };
		E3BB0230271558FD00E3B367 /* FUFilterViewModel.h */ = {isa = PBXFileReference; fileEncoding = 4; lastKnownFileType = sourcecode.c.h; path = FUFilterViewModel.h; sourceTree = "<group>"; };
		E3BB0231271558FD00E3B367 /* FUMakeupViewModel.h */ = {isa = PBXFileReference; fileEncoding = 4; lastKnownFileType = sourcecode.c.h; path = FUMakeupViewModel.h; sourceTree = "<group>"; };
		E3BB0232271558FD00E3B367 /* FUViewModel.h */ = {isa = PBXFileReference; fileEncoding = 4; lastKnownFileType = sourcecode.c.h; path = FUViewModel.h; sourceTree = "<group>"; };
		E3BB0233271558FD00E3B367 /* FUBeautySkinViewModel.h */ = {isa = PBXFileReference; fileEncoding = 4; lastKnownFileType = sourcecode.c.h; path = FUBeautySkinViewModel.h; sourceTree = "<group>"; };
		E3BB0234271558FD00E3B367 /* FUStickerViewModel.m */ = {isa = PBXFileReference; fileEncoding = 4; lastKnownFileType = sourcecode.c.objc; path = FUStickerViewModel.m; sourceTree = "<group>"; };
		E3BB0235271558FD00E3B367 /* FUBeautyShapeViewModel.h */ = {isa = PBXFileReference; fileEncoding = 4; lastKnownFileType = sourcecode.c.h; path = FUBeautyShapeViewModel.h; sourceTree = "<group>"; };
		E3BB0236271558FD00E3B367 /* FUMakeupViewModel.m */ = {isa = PBXFileReference; fileEncoding = 4; lastKnownFileType = sourcecode.c.objc; path = FUMakeupViewModel.m; sourceTree = "<group>"; };
		E3BB0237271558FD00E3B367 /* FUFilterViewModel.m */ = {isa = PBXFileReference; fileEncoding = 4; lastKnownFileType = sourcecode.c.objc; path = FUFilterViewModel.m; sourceTree = "<group>"; };
		E3BB0238271558FD00E3B367 /* FUBeautyBodyViewModel.m */ = {isa = PBXFileReference; fileEncoding = 4; lastKnownFileType = sourcecode.c.objc; path = FUBeautyBodyViewModel.m; sourceTree = "<group>"; };
		E3BB0239271558FD00E3B367 /* FUTestRecorder.h */ = {isa = PBXFileReference; fileEncoding = 4; lastKnownFileType = sourcecode.c.h; path = FUTestRecorder.h; sourceTree = "<group>"; };
		E3BB023A271558FD00E3B367 /* FUDemoManager.m */ = {isa = PBXFileReference; fileEncoding = 4; lastKnownFileType = sourcecode.c.objc; path = FUDemoManager.m; sourceTree = "<group>"; };
		E3BB023B271558FD00E3B367 /* FUManager.h */ = {isa = PBXFileReference; fileEncoding = 4; lastKnownFileType = sourcecode.c.h; path = FUManager.h; sourceTree = "<group>"; };
		E3BB023D271558FD00E3B367 /* FUDefines.h */ = {isa = PBXFileReference; fileEncoding = 4; lastKnownFileType = sourcecode.c.h; path = FUDefines.h; sourceTree = "<group>"; };
		E3BB023E271558FD00E3B367 /* FUTestRecorder.m */ = {isa = PBXFileReference; fileEncoding = 4; lastKnownFileType = sourcecode.c.objc; path = FUTestRecorder.m; sourceTree = "<group>"; };
		E3BB0240271558FD00E3B367 /* FUModel.h */ = {isa = PBXFileReference; fileEncoding = 4; lastKnownFileType = sourcecode.c.h; path = FUModel.h; sourceTree = "<group>"; };
		E3BB0241271558FD00E3B367 /* FUBeautyShapeModel.m */ = {isa = PBXFileReference; fileEncoding = 4; lastKnownFileType = sourcecode.c.objc; path = FUBeautyShapeModel.m; sourceTree = "<group>"; };
		E3BB0242271558FD00E3B367 /* FUBeautySkinModel.m */ = {isa = PBXFileReference; fileEncoding = 4; lastKnownFileType = sourcecode.c.objc; path = FUBeautySkinModel.m; sourceTree = "<group>"; };
		E3BB0243271558FD00E3B367 /* FUBeautyBodyModel.m */ = {isa = PBXFileReference; fileEncoding = 4; lastKnownFileType = sourcecode.c.objc; path = FUBeautyBodyModel.m; sourceTree = "<group>"; };
		E3BB0244271558FD00E3B367 /* FUFilterModel.m */ = {isa = PBXFileReference; fileEncoding = 4; lastKnownFileType = sourcecode.c.objc; path = FUFilterModel.m; sourceTree = "<group>"; };
		E3BB0245271558FD00E3B367 /* FUMakeupModel.h */ = {isa = PBXFileReference; fileEncoding = 4; lastKnownFileType = sourcecode.c.h; path = FUMakeupModel.h; sourceTree = "<group>"; };
		E3BB0246271558FD00E3B367 /* FUStickerModel.h */ = {isa = PBXFileReference; fileEncoding = 4; lastKnownFileType = sourcecode.c.h; path = FUStickerModel.h; sourceTree = "<group>"; };
		E3BB0247271558FD00E3B367 /* FUBeautyShapeModel.h */ = {isa = PBXFileReference; fileEncoding = 4; lastKnownFileType = sourcecode.c.h; path = FUBeautyShapeModel.h; sourceTree = "<group>"; };
		E3BB0248271558FD00E3B367 /* FUModel.m */ = {isa = PBXFileReference; fileEncoding = 4; lastKnownFileType = sourcecode.c.objc; path = FUModel.m; sourceTree = "<group>"; };
		E3BB0249271558FD00E3B367 /* FUFilterModel.h */ = {isa = PBXFileReference; fileEncoding = 4; lastKnownFileType = sourcecode.c.h; path = FUFilterModel.h; sourceTree = "<group>"; };
		E3BB024A271558FD00E3B367 /* FUBeautyBodyModel.h */ = {isa = PBXFileReference; fileEncoding = 4; lastKnownFileType = sourcecode.c.h; path = FUBeautyBodyModel.h; sourceTree = "<group>"; };
		E3BB024B271558FD00E3B367 /* FUBeautySkinModel.h */ = {isa = PBXFileReference; fileEncoding = 4; lastKnownFileType = sourcecode.c.h; path = FUBeautySkinModel.h; sourceTree = "<group>"; };
		E3BB024C271558FD00E3B367 /* FUStickerModel.m */ = {isa = PBXFileReference; fileEncoding = 4; lastKnownFileType = sourcecode.c.objc; path = FUStickerModel.m; sourceTree = "<group>"; };
		E3BB024D271558FD00E3B367 /* FUMakeupModel.m */ = {isa = PBXFileReference; fileEncoding = 4; lastKnownFileType = sourcecode.c.objc; path = FUMakeupModel.m; sourceTree = "<group>"; };
		E3BB024F271558FD00E3B367 /* FUBottomBar.m */ = {isa = PBXFileReference; fileEncoding = 4; lastKnownFileType = sourcecode.c.objc; path = FUBottomBar.m; sourceTree = "<group>"; };
		E3BB0250271558FD00E3B367 /* FUFunctionView.h */ = {isa = PBXFileReference; fileEncoding = 4; lastKnownFileType = sourcecode.c.h; path = FUFunctionView.h; sourceTree = "<group>"; };
		E3BB0251271558FD00E3B367 /* FUSlider.m */ = {isa = PBXFileReference; fileEncoding = 4; lastKnownFileType = sourcecode.c.objc; path = FUSlider.m; sourceTree = "<group>"; };
		E3BB0252271558FD00E3B367 /* FUSquareButton.m */ = {isa = PBXFileReference; fileEncoding = 4; lastKnownFileType = sourcecode.c.objc; path = FUSquareButton.m; sourceTree = "<group>"; };
		E3BB0253271558FD00E3B367 /* FUBeautyFunctionView.h */ = {isa = PBXFileReference; fileEncoding = 4; lastKnownFileType = sourcecode.c.h; path = FUBeautyFunctionView.h; sourceTree = "<group>"; };
		E3BB0254271558FD00E3B367 /* FUOthersFunctionView.m */ = {isa = PBXFileReference; fileEncoding = 4; lastKnownFileType = sourcecode.c.objc; path = FUOthersFunctionView.m; sourceTree = "<group>"; };
		E3BB0255271558FD00E3B367 /* FUBottomBar.h */ = {isa = PBXFileReference; fileEncoding = 4; lastKnownFileType = sourcecode.c.h; path = FUBottomBar.h; sourceTree = "<group>"; };
		E3BB0256271558FD00E3B367 /* FUSlider.h */ = {isa = PBXFileReference; fileEncoding = 4; lastKnownFileType = sourcecode.c.h; path = FUSlider.h; sourceTree = "<group>"; };
		E3BB0257271558FD00E3B367 /* FUFunctionView.m */ = {isa = PBXFileReference; fileEncoding = 4; lastKnownFileType = sourcecode.c.objc; path = FUFunctionView.m; sourceTree = "<group>"; };
		E3BB0258271558FD00E3B367 /* FUBeautyFunctionView.m */ = {isa = PBXFileReference; fileEncoding = 4; lastKnownFileType = sourcecode.c.objc; path = FUBeautyFunctionView.m; sourceTree = "<group>"; };
		E3BB0259271558FD00E3B367 /* FUSquareButton.h */ = {isa = PBXFileReference; fileEncoding = 4; lastKnownFileType = sourcecode.c.h; path = FUSquareButton.h; sourceTree = "<group>"; };
		E3BB025A271558FD00E3B367 /* FUOthersFunctionView.h */ = {isa = PBXFileReference; fileEncoding = 4; lastKnownFileType = sourcecode.c.h; path = FUOthersFunctionView.h; sourceTree = "<group>"; };
		E3BB025B271558FD00E3B367 /* FUDemoManager.h */ = {isa = PBXFileReference; fileEncoding = 4; lastKnownFileType = sourcecode.c.h; path = FUDemoManager.h; sourceTree = "<group>"; };
		E3BB025E271558FD00E3B367 /* zh-Hans */ = {isa = PBXFileReference; lastKnownFileType = text.plist.strings; name = "zh-Hans"; path = "zh-Hans.lproj/FaceUnity.strings"; sourceTree = "<group>"; };
		E3BB0260271558FD00E3B367 /* oumei.bundle */ = {isa = PBXFileReference; lastKnownFileType = "wrapper.plug-in"; path = oumei.bundle; sourceTree = "<group>"; };
		E3BB0261271558FD00E3B367 /* Rose.bundle */ = {isa = PBXFileReference; lastKnownFileType = file; path = Rose.bundle; sourceTree = "<group>"; };
		E3BB0262271558FD00E3B367 /* linjia.bundle */ = {isa = PBXFileReference; lastKnownFileType = "wrapper.plug-in"; path = linjia.bundle; sourceTree = "<group>"; };
		E3BB0263271558FD00E3B367 /* yanshimao.bundle */ = {isa = PBXFileReference; lastKnownFileType = "wrapper.plug-in"; path = yanshimao.bundle; sourceTree = "<group>"; };
		E3BB0264271558FD00E3B367 /* tianmei.bundle */ = {isa = PBXFileReference; lastKnownFileType = "wrapper.plug-in"; path = tianmei.bundle; sourceTree = "<group>"; };
		E3BB0265271558FD00E3B367 /* ziyun.bundle */ = {isa = PBXFileReference; lastKnownFileType = "wrapper.plug-in"; path = ziyun.bundle; sourceTree = "<group>"; };
		E3BB0266271558FD00E3B367 /* chaomo.bundle */ = {isa = PBXFileReference; lastKnownFileType = file; path = chaomo.bundle; sourceTree = "<group>"; };
		E3BB0267271558FD00E3B367 /* hongfeng.bundle */ = {isa = PBXFileReference; lastKnownFileType = file; path = hongfeng.bundle; sourceTree = "<group>"; };
		E3BB0268271558FD00E3B367 /* jianling.bundle */ = {isa = PBXFileReference; lastKnownFileType = file; path = jianling.bundle; sourceTree = "<group>"; };
		E3BB0269271558FD00E3B367 /* gangfeng.bundle */ = {isa = PBXFileReference; lastKnownFileType = file; path = gangfeng.bundle; sourceTree = "<group>"; };
		E3BB026A271558FD00E3B367 /* chuju.bundle */ = {isa = PBXFileReference; lastKnownFileType = file; path = chuju.bundle; sourceTree = "<group>"; };
		E3BB026B271558FD00E3B367 /* renyu.bundle */ = {isa = PBXFileReference; lastKnownFileType = "wrapper.plug-in"; path = renyu.bundle; sourceTree = "<group>"; };
		E3BB026C271558FD00E3B367 /* qianzhihe.bundle */ = {isa = PBXFileReference; lastKnownFileType = "wrapper.plug-in"; path = qianzhihe.bundle; sourceTree = "<group>"; };
		E3BB026D271558FD00E3B367 /* wumei.bundle */ = {isa = PBXFileReference; lastKnownFileType = "wrapper.plug-in"; path = wumei.bundle; sourceTree = "<group>"; };
		E3BB026E271558FD00E3B367 /* shaonv.bundle */ = {isa = PBXFileReference; lastKnownFileType = "wrapper.plug-in"; path = shaonv.bundle; sourceTree = "<group>"; };
		E3BB026F271558FD00E3B367 /* chuqiu.bundle */ = {isa = PBXFileReference; lastKnownFileType = file; path = chuqiu.bundle; sourceTree = "<group>"; };
		E3BB0270271558FD00E3B367 /* nuandong.bundle */ = {isa = PBXFileReference; lastKnownFileType = file; path = nuandong.bundle; sourceTree = "<group>"; };
		E3BB0271271558FD00E3B367 /* xinggan.bundle */ = {isa = PBXFileReference; lastKnownFileType = "wrapper.plug-in"; path = xinggan.bundle; sourceTree = "<group>"; };
		E3BB0272271558FD00E3B367 /* en */ = {isa = PBXFileReference; lastKnownFileType = text.plist.strings; name = en; path = en.lproj/FaceUnity.strings; sourceTree = "<group>"; };
		E3BB0273271558FD00E3B367 /* FaceUnity.xcassets */ = {isa = PBXFileReference; lastKnownFileType = folder.assetcatalog; path = FaceUnity.xcassets; sourceTree = "<group>"; };
		E3BB0275271558FD00E3B367 /* fashi.bundle */ = {isa = PBXFileReference; lastKnownFileType = "wrapper.plug-in"; path = fashi.bundle; sourceTree = "<group>"; };
		E3BB0276271558FD00E3B367 /* sdlu.bundle */ = {isa = PBXFileReference; lastKnownFileType = "wrapper.plug-in"; path = sdlu.bundle; sourceTree = "<group>"; };
		E3BB0277271558FD00E3B367 /* xueqiu_lm_fu.bundle */ = {isa = PBXFileReference; lastKnownFileType = "wrapper.plug-in"; path = xueqiu_lm_fu.bundle; sourceTree = "<group>"; };
		E3BB0278271558FD00E3B367 /* DaisyPig.bundle */ = {isa = PBXFileReference; lastKnownFileType = "wrapper.plug-in"; path = DaisyPig.bundle; sourceTree = "<group>"; };
		E3BB0279271558FD00E3B367 /* FUManager.m */ = {isa = PBXFileReference; fileEncoding = 4; lastKnownFileType = sourcecode.c.objc; path = FUManager.m; sourceTree = "<group>"; };
		E3F9B6D92729397D00F3C214 /* FURenderKit.framework */ = {isa = PBXFileReference; lastKnownFileType = wrapper.framework; path = FURenderKit.framework; sourceTree = "<group>"; };
		EB6A8CC9BCDE9BF25C3FB1E9 /* Pods-TRTCSimpleDemo.release.xcconfig */ = {isa = PBXFileReference; includeInIndex = 1; lastKnownFileType = text.xcconfig; name = "Pods-TRTCSimpleDemo.release.xcconfig"; path = "Target Support Files/Pods-TRTCSimpleDemo/Pods-TRTCSimpleDemo.release.xcconfig"; sourceTree = "<group>"; };
		F611EE6525FCB14B76F9C931 /* Pods-TRTCSimpleDemo.debug.xcconfig */ = {isa = PBXFileReference; includeInIndex = 1; lastKnownFileType = text.xcconfig; name = "Pods-TRTCSimpleDemo.debug.xcconfig"; path = "Target Support Files/Pods-TRTCSimpleDemo/Pods-TRTCSimpleDemo.debug.xcconfig"; sourceTree = "<group>"; };
/* End PBXFileReference section */

/* Begin PBXFrameworksBuildPhase section */
		2D97861B2523226C00D30722 /* Frameworks */ = {
			isa = PBXFrameworksBuildPhase;
			buildActionMask = 2147483647;
			files = (
				2DD8260F25806A71008FC8D8 /* CoreML.framework in Frameworks */,
				2DDF88FE25235C54005ECFFE /* libresolv.tbd in Frameworks */,
				E3F9B6DB2729398400F3C214 /* FURenderKit.framework in Frameworks */,
				2DDF88EA25235AB7005ECFFE /* libc++.tbd in Frameworks */,
				2DDF890025235C71005ECFFE /* libiconv.tbd in Frameworks */,
				ADE9AC7F1833A79229630E25 /* libPods-TRTCSimpleDemo.a in Frameworks */,
			);
			runOnlyForDeploymentPostprocessing = 0;
		};
/* End PBXFrameworksBuildPhase section */

/* Begin PBXGroup section */
		04872284D8B8C6B6C624ADA6 /* Pods */ = {
			isa = PBXGroup;
			children = (
				F611EE6525FCB14B76F9C931 /* Pods-TRTCSimpleDemo.debug.xcconfig */,
				EB6A8CC9BCDE9BF25C3FB1E9 /* Pods-TRTCSimpleDemo.release.xcconfig */,
				190997F181F7C88655043DB9 /* Pods-TRTCSimpleDemo-TRTCSimpleDemoUITests.debug.xcconfig */,
				80238F037F15FBB43BE285CD /* Pods-TRTCSimpleDemo-TRTCSimpleDemoUITests.release.xcconfig */,
				91A8CDA3F83594221778CAA9 /* Pods-TRTCSimpleDemoTests.debug.xcconfig */,
				4FAEE416B2FC468B371B0E0F /* Pods-TRTCSimpleDemoTests.release.xcconfig */,
			);
			path = Pods;
			sourceTree = "<group>";
		};
		2D9786152523226C00D30722 = {
			isa = PBXGroup;
			children = (
				2D9786202523226C00D30722 /* TRTCSimpleDemo */,
				2D97861F2523226C00D30722 /* Products */,
				04872284D8B8C6B6C624ADA6 /* Pods */,
				83865965AB19CA3A6710F15A /* Frameworks */,
			);
			sourceTree = "<group>";
		};
		2D97861F2523226C00D30722 /* Products */ = {
			isa = PBXGroup;
			children = (
				2D97861E2523226C00D30722 /* TRTCSimpleDemo.app */,
			);
			name = Products;
			sourceTree = "<group>";
		};
		2D9786202523226C00D30722 /* TRTCSimpleDemo */ = {
			isa = PBXGroup;
			children = (
				2DDF890F252410B2005ECFFE /* Util */,
				2DDF890B25235EAB005ECFFE /* debug */,
				2DDF885825235A69005ECFFE /* FaceUnity */,
				2D9786C1252334CC00D30722 /* Resource */,
				2D9786882523315A00D30722 /* Main */,
				2D9786902523315A00D30722 /* TRTC */,
			);
			path = TRTCSimpleDemo;
			sourceTree = "<group>";
		};
		2D9786882523315A00D30722 /* Main */ = {
			isa = PBXGroup;
			children = (
				2D9786892523315A00D30722 /* AppDelegate.h */,
				2D97868C2523315A00D30722 /* AppDelegate.m */,
				2D97868B2523315A00D30722 /* main.m */,
				2D97868D2523315A00D30722 /* ViewController.h */,
				2D97868A2523315A00D30722 /* ViewController.m */,
			);
			path = Main;
			sourceTree = "<group>";
		};
		2D9786902523315A00D30722 /* TRTC */ = {
			isa = PBXGroup;
			children = (
				2DDF87CB25233B9F005ECFFE /* TRTCViewController.h */,
				2DDF87CC25233B9F005ECFFE /* TRTCViewController.m */,
				2DDF87CF25235385005ECFFE /* TRTRCRoomViewController.h */,
				2DDF87D025235385005ECFFE /* TRTRCRoomViewController.m */,
			);
			path = TRTC;
			sourceTree = "<group>";
		};
		2D9786C1252334CC00D30722 /* Resource */ = {
			isa = PBXGroup;
			children = (
				2D6B1F30252337A60004BF30 /* Info.plist */,
				2D9786C2252334CC00D30722 /* Assets.xcassets */,
				2D9786C3252334CC00D30722 /* LaunchScreen.storyboard */,
				2D9786C5252334CC00D30722 /* Main.storyboard */,
			);
			path = Resource;
			sourceTree = "<group>";
		};
		2DDF885825235A69005ECFFE /* FaceUnity */ = {
			isa = PBXGroup;
			children = (
				E32D4D1F2638037400E6C1C2 /* Lib */,
				E3BB0229271558FD00E3B367 /* Demo */,
			);
			path = FaceUnity;
			sourceTree = "<group>";
		};
		2DDF890B25235EAB005ECFFE /* debug */ = {
			isa = PBXGroup;
			children = (
				2DDF890D25235EAB005ECFFE /* GenerateTestUserSig.h */,
				2DDF890C25235EAB005ECFFE /* GenerateTestUserSig.m */,
			);
			path = debug;
			sourceTree = "<group>";
		};
		2DDF890F252410B2005ECFFE /* Util */ = {
			isa = PBXGroup;
			children = (
				2DDF8910252410B2005ECFFE /* NSString+Common.h */,
				2DDF8914252410B2005ECFFE /* NSString+Common.m */,
				2DDF8911252410B2005ECFFE /* NSString+UISize.h */,
				2DDF8912252410B2005ECFFE /* UIView+Additions.m */,
				2DDF8913252410B2005ECFFE /* NSData+Common.m */,
				2DDF8915252410B2005ECFFE /* NSString+UISize.m */,
				2DDF8916252410B2005ECFFE /* NSData+Common.h */,
				2DDF8917252410B2005ECFFE /* UIView+Additions.h */,
				2DDF8918252410B2005ECFFE /* BeautySettingPanel */,
				2DDF8920252410B2005ECFFE /* ColorMacro.h */,
			);
			path = Util;
			sourceTree = "<group>";
		};
		2DDF8918252410B2005ECFFE /* BeautySettingPanel */ = {
			isa = PBXGroup;
			children = (
				2DDF8919252410B2005ECFFE /* ControlView.h */,
				2DDF891A252410B2005ECFFE /* BeautySettingPanel.m */,
				2DDF891B252410B2005ECFFE /* PituMotionAddress.h */,
				2DDF891C252410B2005ECFFE /* TextCell.m */,
				2DDF891D252410B2005ECFFE /* ControlView.m */,
				2DDF891E252410B2005ECFFE /* BeautySettingPanel.h */,
				2DDF891F252410B2005ECFFE /* TextCell.h */,
			);
			path = BeautySettingPanel;
			sourceTree = "<group>";
		};
		83865965AB19CA3A6710F15A /* Frameworks */ = {
			isa = PBXGroup;
			children = (
				2DDF890525235CAF005ECFFE /* ReplayKit.framework */,
				2DDF88FF25235C67005ECFFE /* libiconv.tbd */,
				2DDF88FD25235C4A005ECFFE /* libresolv.tbd */,
				2DDF88EE25235B56005ECFFE /* TXLiteAVSDK_TRTC.framework */,
				2DDF88EB25235B4B005ECFFE /* TXLiteAVSDK_ReplayKitExt.framework */,
				2DDF88E925235AAF005ECFFE /* libc++.tbd */,
				2DDF88E725235A9A005ECFFE /* CoreML.framework */,
				2DDF88E525235A92005ECFFE /* CoreMedia.framework */,
				2DDF88E325235A84005ECFFE /* OpenGLES.framework */,
				2DDF88E125235A7E005ECFFE /* Accelerate.framework */,
				2DDF88DF25235A77005ECFFE /* AVFoundation.framework */,
				BD4C734E347DE44EBEAE4A70 /* libPods-TRTCSimpleDemo.a */,
				6F3158C009FFEF33A4A6AD86 /* libPods-TRTCSimpleDemo-TRTCSimpleDemoUITests.a */,
				BD7ACBB68CE2CD7085D72323 /* libPods-TRTCSimpleDemoTests.a */,
			);
			name = Frameworks;
			sourceTree = "<group>";
		};
		E32D4D1F2638037400E6C1C2 /* Lib */ = {
			isa = PBXGroup;
			children = (
				E3F9B6D92729397D00F3C214 /* FURenderKit.framework */,
				E32D4DA22638187300E6C1C2 /* authpack.h */,
				E32D4D452638182B00E6C1C2 /* Resources */,
			);
			path = Lib;
			sourceTree = "<group>";
		};
		E32D4D452638182B00E6C1C2 /* Resources */ = {
			isa = PBXGroup;
			children = (
				E32D4E1426382A9100E6C1C2 /* graphics */,
				E32D4E0C26382A9100E6C1C2 /* model */,
			);
			path = Resources;
			sourceTree = "<group>";
		};
		E32D4E0C26382A9100E6C1C2 /* model */ = {
			isa = PBXGroup;
			children = (
				E32D4E0D26382A9100E6C1C2 /* ai_human_processor_mb_fast.bundle */,
				E32D4E0E26382A9100E6C1C2 /* ai_hand_processor.bundle */,
				E32D4E0F26382A9100E6C1C2 /* ai_face_processor.bundle */,
				E32D4E1026382A9100E6C1C2 /* ai_bgseg_green.bundle */,
				E32D4E1126382A9100E6C1C2 /* ai_face_processor_lite.bundle */,
				E32D4E1226382A9100E6C1C2 /* ai_hairseg.bundle */,
				E32D4E1326382A9100E6C1C2 /* ai_human_processor.bundle */,
			);
			path = model;
			sourceTree = "<group>";
		};
		E32D4E1426382A9100E6C1C2 /* graphics */ = {
			isa = PBXGroup;
			children = (
				E32D4E1526382A9100E6C1C2 /* tongue.bundle */,
				E32D4E1626382A9100E6C1C2 /* fxaa.bundle */,
				E32D4E1726382A9100E6C1C2 /* face_makeup.bundle */,
				E32D4E1826382A9100E6C1C2 /* controller_cpp.bundle */,
				E32D4E1926382A9100E6C1C2 /* body_slim.bundle */,
				E32D4E1A26382A9100E6C1C2 /* fuzzytoonfilter.bundle */,
				E32D4E1B26382A9100E6C1C2 /* face_beautification.bundle */,
			);
			path = graphics;
			sourceTree = "<group>";
		};
		E3BB0229271558FD00E3B367 /* Demo */ = {
			isa = PBXGroup;
			children = (
				E3BB025B271558FD00E3B367 /* FUDemoManager.h */,
				E3BB023A271558FD00E3B367 /* FUDemoManager.m */,
				E3BB023B271558FD00E3B367 /* FUManager.h */,
				E3BB0279271558FD00E3B367 /* FUManager.m */,
				E3BB0239271558FD00E3B367 /* FUTestRecorder.h */,
				E3BB023E271558FD00E3B367 /* FUTestRecorder.m */,
				E3BB023F271558FD00E3B367 /* Model */,
				E3BB024E271558FD00E3B367 /* View */,
				E3BB022A271558FD00E3B367 /* ViewModel */,
				E3BB023C271558FD00E3B367 /* Defines */,
				E3BB025C271558FD00E3B367 /* Resource */,
			);
			path = Demo;
			sourceTree = "<group>";
		};
		E3BB022A271558FD00E3B367 /* ViewModel */ = {
			isa = PBXGroup;
			children = (
				E3BB022F271558FD00E3B367 /* FUBeautyBodyViewModel.h */,
				E3BB0238271558FD00E3B367 /* FUBeautyBodyViewModel.m */,
				E3BB0235271558FD00E3B367 /* FUBeautyShapeViewModel.h */,
				E3BB022D271558FD00E3B367 /* FUBeautyShapeViewModel.m */,
				E3BB0233271558FD00E3B367 /* FUBeautySkinViewModel.h */,
				E3BB022C271558FD00E3B367 /* FUBeautySkinViewModel.m */,
				E3BB0230271558FD00E3B367 /* FUFilterViewModel.h */,
				E3BB0237271558FD00E3B367 /* FUFilterViewModel.m */,
				E3BB0231271558FD00E3B367 /* FUMakeupViewModel.h */,
				E3BB0236271558FD00E3B367 /* FUMakeupViewModel.m */,
				E3BB022E271558FD00E3B367 /* FUStickerViewModel.h */,
				E3BB0234271558FD00E3B367 /* FUStickerViewModel.m */,
				E3BB0232271558FD00E3B367 /* FUViewModel.h */,
				E3BB022B271558FD00E3B367 /* FUViewModel.m */,
			);
			path = ViewModel;
			sourceTree = "<group>";
		};
		E3BB023C271558FD00E3B367 /* Defines */ = {
			isa = PBXGroup;
			children = (
				E3BB023D271558FD00E3B367 /* FUDefines.h */,
			);
			path = Defines;
			sourceTree = "<group>";
		};
		E3BB023F271558FD00E3B367 /* Model */ = {
			isa = PBXGroup;
			children = (
				E3BB024A271558FD00E3B367 /* FUBeautyBodyModel.h */,
				E3BB0243271558FD00E3B367 /* FUBeautyBodyModel.m */,
				E3BB0247271558FD00E3B367 /* FUBeautyShapeModel.h */,
				E3BB0241271558FD00E3B367 /* FUBeautyShapeModel.m */,
				E3BB024B271558FD00E3B367 /* FUBeautySkinModel.h */,
				E3BB0242271558FD00E3B367 /* FUBeautySkinModel.m */,
				E3BB0249271558FD00E3B367 /* FUFilterModel.h */,
				E3BB0244271558FD00E3B367 /* FUFilterModel.m */,
				E3BB0245271558FD00E3B367 /* FUMakeupModel.h */,
				E3BB024D271558FD00E3B367 /* FUMakeupModel.m */,
				E3BB0240271558FD00E3B367 /* FUModel.h */,
				E3BB0248271558FD00E3B367 /* FUModel.m */,
				E3BB0246271558FD00E3B367 /* FUStickerModel.h */,
				E3BB024C271558FD00E3B367 /* FUStickerModel.m */,
			);
			path = Model;
			sourceTree = "<group>";
		};
		E3BB024E271558FD00E3B367 /* View */ = {
			isa = PBXGroup;
			children = (
				E3BB0253271558FD00E3B367 /* FUBeautyFunctionView.h */,
				E3BB0258271558FD00E3B367 /* FUBeautyFunctionView.m */,
				E3BB0255271558FD00E3B367 /* FUBottomBar.h */,
				E3BB024F271558FD00E3B367 /* FUBottomBar.m */,
				E3BB0250271558FD00E3B367 /* FUFunctionView.h */,
				E3BB0257271558FD00E3B367 /* FUFunctionView.m */,
				E3BB025A271558FD00E3B367 /* FUOthersFunctionView.h */,
				E3BB0254271558FD00E3B367 /* FUOthersFunctionView.m */,
				E3BB0256271558FD00E3B367 /* FUSlider.h */,
				E3BB0251271558FD00E3B367 /* FUSlider.m */,
				E3BB0259271558FD00E3B367 /* FUSquareButton.h */,
				E3BB0252271558FD00E3B367 /* FUSquareButton.m */,
			);
			path = View;
			sourceTree = "<group>";
		};
		E3BB025C271558FD00E3B367 /* Resource */ = {
			isa = PBXGroup;
			children = (
				E3BB025F271558FD00E3B367 /* 美妆 */,
				E3BB0274271558FD00E3B367 /* 贴纸 */,
				E3BB025D271558FD00E3B367 /* FaceUnity.strings */,
				E3BB0273271558FD00E3B367 /* FaceUnity.xcassets */,
			);
			path = Resource;
			sourceTree = "<group>";
		};
		E3BB025F271558FD00E3B367 /* 美妆 */ = {
			isa = PBXGroup;
			children = (
				E3BB0260271558FD00E3B367 /* oumei.bundle */,
				E3BB0261271558FD00E3B367 /* Rose.bundle */,
				E3BB0262271558FD00E3B367 /* linjia.bundle */,
				E3BB0263271558FD00E3B367 /* yanshimao.bundle */,
				E3BB0264271558FD00E3B367 /* tianmei.bundle */,
				E3BB0265271558FD00E3B367 /* ziyun.bundle */,
				E3BB0266271558FD00E3B367 /* chaomo.bundle */,
				E3BB0267271558FD00E3B367 /* hongfeng.bundle */,
				E3BB0268271558FD00E3B367 /* jianling.bundle */,
				E3BB0269271558FD00E3B367 /* gangfeng.bundle */,
				E3BB026A271558FD00E3B367 /* chuju.bundle */,
				E3BB026B271558FD00E3B367 /* renyu.bundle */,
				E3BB026C271558FD00E3B367 /* qianzhihe.bundle */,
				E3BB026D271558FD00E3B367 /* wumei.bundle */,
				E3BB026E271558FD00E3B367 /* shaonv.bundle */,
				E3BB026F271558FD00E3B367 /* chuqiu.bundle */,
				E3BB0270271558FD00E3B367 /* nuandong.bundle */,
				E3BB0271271558FD00E3B367 /* xinggan.bundle */,
			);
			path = "美妆";
			sourceTree = "<group>";
		};
		E3BB0274271558FD00E3B367 /* 贴纸 */ = {
			isa = PBXGroup;
			children = (
				E3BB0275271558FD00E3B367 /* fashi.bundle */,
				E3BB0276271558FD00E3B367 /* sdlu.bundle */,
				E3BB0277271558FD00E3B367 /* xueqiu_lm_fu.bundle */,
				E3BB0278271558FD00E3B367 /* DaisyPig.bundle */,
			);
			path = "贴纸";
			sourceTree = "<group>";
		};
/* End PBXGroup section */

/* Begin PBXNativeTarget section */
		2D97861D2523226C00D30722 /* TRTCSimpleDemo */ = {
			isa = PBXNativeTarget;
			buildConfigurationList = 2D97864D2523226D00D30722 /* Build configuration list for PBXNativeTarget "TRTCSimpleDemo" */;
			buildPhases = (
				35A69F411C413CD3A9F882F7 /* [CP] Check Pods Manifest.lock */,
				2D97861A2523226C00D30722 /* Sources */,
				2D97861B2523226C00D30722 /* Frameworks */,
				2D97861C2523226C00D30722 /* Resources */,
				6E2EB62A181327805527AC36 /* [CP] Copy Pods Resources */,
				2DDF88DE25235A70005ECFFE /* Embed Frameworks */,
			);
			buildRules = (
			);
			dependencies = (
			);
			name = TRTCSimpleDemo;
			productName = TRTCSimpleDemo;
			productReference = 2D97861E2523226C00D30722 /* TRTCSimpleDemo.app */;
			productType = "com.apple.product-type.application";
		};
/* End PBXNativeTarget section */

/* Begin PBXProject section */
		2D9786162523226C00D30722 /* Project object */ = {
			isa = PBXProject;
			attributes = {
				LastUpgradeCheck = 1200;
				TargetAttributes = {
					2D97861D2523226C00D30722 = {
						CreatedOnToolsVersion = 12.0.1;
					};
				};
			};
			buildConfigurationList = 2D9786192523226C00D30722 /* Build configuration list for PBXProject "TRTCSimpleDemo" */;
			compatibilityVersion = "Xcode 9.3";
			developmentRegion = en;
			hasScannedForEncodings = 0;
			knownRegions = (
				en,
				Base,
				"zh-Hans",
			);
			mainGroup = 2D9786152523226C00D30722;
			productRefGroup = 2D97861F2523226C00D30722 /* Products */;
			projectDirPath = "";
			projectRoot = "";
			targets = (
				2D97861D2523226C00D30722 /* TRTCSimpleDemo */,
			);
		};
/* End PBXProject section */

/* Begin PBXResourcesBuildPhase section */
		2D97861C2523226C00D30722 /* Resources */ = {
			isa = PBXResourcesBuildPhase;
			buildActionMask = 2147483647;
			files = (
				E32D4E2826382A9100E6C1C2 /* fuzzytoonfilter.bundle in Resources */,
				E3BB02A4271558FD00E3B367 /* fashi.bundle in Resources */,
				E3BB029C271558FD00E3B367 /* renyu.bundle in Resources */,
				E32D4E2226382A9100E6C1C2 /* ai_human_processor.bundle in Resources */,
				E32D4E2626382A9100E6C1C2 /* controller_cpp.bundle in Resources */,
				E3BB029F271558FD00E3B367 /* shaonv.bundle in Resources */,
				E3BB0296271558FD00E3B367 /* ziyun.bundle in Resources */,
				E3BB02A0271558FD00E3B367 /* chuqiu.bundle in Resources */,
				E3BB02A5271558FD00E3B367 /* sdlu.bundle in Resources */,
				E3BB02A1271558FD00E3B367 /* nuandong.bundle in Resources */,
				E32D4E1F26382A9100E6C1C2 /* ai_bgseg_green.bundle in Resources */,
				2D9786CA252334CC00D30722 /* Main.storyboard in Resources */,
				E32D4E2026382A9100E6C1C2 /* ai_face_processor_lite.bundle in Resources */,
				2D9786C8252334CC00D30722 /* Assets.xcassets in Resources */,
				E3BB0291271558FD00E3B367 /* oumei.bundle in Resources */,
				E32D4E2526382A9100E6C1C2 /* face_makeup.bundle in Resources */,
				2D9786C9252334CC00D30722 /* LaunchScreen.storyboard in Resources */,
				E3BB02A3271558FD00E3B367 /* FaceUnity.xcassets in Resources */,
				E3BB0290271558FD00E3B367 /* FaceUnity.strings in Resources */,
				E3BB0299271558FD00E3B367 /* jianling.bundle in Resources */,
				E3BB0294271558FD00E3B367 /* yanshimao.bundle in Resources */,
				E32D4E1C26382A9100E6C1C2 /* ai_human_processor_mb_fast.bundle in Resources */,
				E32D4E2726382A9100E6C1C2 /* body_slim.bundle in Resources */,
				E32D4E2126382A9100E6C1C2 /* ai_hairseg.bundle in Resources */,
				E3BB029B271558FD00E3B367 /* chuju.bundle in Resources */,
				E32D4E1D26382A9100E6C1C2 /* ai_hand_processor.bundle in Resources */,
				E3BB0298271558FD00E3B367 /* hongfeng.bundle in Resources */,
				E3BB029D271558FD00E3B367 /* qianzhihe.bundle in Resources */,
				E32D4E2926382A9100E6C1C2 /* face_beautification.bundle in Resources */,
				E3BB029A271558FD00E3B367 /* gangfeng.bundle in Resources */,
				E3BB02A6271558FD00E3B367 /* xueqiu_lm_fu.bundle in Resources */,
				E3BB0292271558FD00E3B367 /* Rose.bundle in Resources */,
				E3BB0293271558FD00E3B367 /* linjia.bundle in Resources */,
				E3BB0297271558FD00E3B367 /* chaomo.bundle in Resources */,
				E3BB02A2271558FD00E3B367 /* xinggan.bundle in Resources */,
				E3BB029E271558FD00E3B367 /* wumei.bundle in Resources */,
				E32D4E2426382A9100E6C1C2 /* fxaa.bundle in Resources */,
				E32D4E1E26382A9100E6C1C2 /* ai_face_processor.bundle in Resources */,
				E3BB02A7271558FD00E3B367 /* DaisyPig.bundle in Resources */,
				E32D4E2326382A9100E6C1C2 /* tongue.bundle in Resources */,
				E3BB0295271558FD00E3B367 /* tianmei.bundle in Resources */,
			);
			runOnlyForDeploymentPostprocessing = 0;
		};
/* End PBXResourcesBuildPhase section */

/* Begin PBXShellScriptBuildPhase section */
		35A69F411C413CD3A9F882F7 /* [CP] Check Pods Manifest.lock */ = {
			isa = PBXShellScriptBuildPhase;
			buildActionMask = 2147483647;
			files = (
			);
			inputFileListPaths = (
			);
			inputPaths = (
				"${PODS_PODFILE_DIR_PATH}/Podfile.lock",
				"${PODS_ROOT}/Manifest.lock",
			);
			name = "[CP] Check Pods Manifest.lock";
			outputFileListPaths = (
			);
			outputPaths = (
				"$(DERIVED_FILE_DIR)/Pods-TRTCSimpleDemo-checkManifestLockResult.txt",
			);
			runOnlyForDeploymentPostprocessing = 0;
			shellPath = /bin/sh;
			shellScript = "diff \"${PODS_PODFILE_DIR_PATH}/Podfile.lock\" \"${PODS_ROOT}/Manifest.lock\" > /dev/null\nif [ $? != 0 ] ; then\n    # print error to STDERR\n    echo \"error: The sandbox is not in sync with the Podfile.lock. Run 'pod install' or update your CocoaPods installation.\" >&2\n    exit 1\nfi\n# This output is used by Xcode 'outputs' to avoid re-running this script phase.\necho \"SUCCESS\" > \"${SCRIPT_OUTPUT_FILE_0}\"\n";
			showEnvVarsInLog = 0;
		};
		6E2EB62A181327805527AC36 /* [CP] Copy Pods Resources */ = {
			isa = PBXShellScriptBuildPhase;
			buildActionMask = 2147483647;
			files = (
			);
			inputFileListPaths = (
				"${PODS_ROOT}/Target Support Files/Pods-TRTCSimpleDemo/Pods-TRTCSimpleDemo-resources-${CONFIGURATION}-input-files.xcfilelist",
			);
			name = "[CP] Copy Pods Resources";
			outputFileListPaths = (
				"${PODS_ROOT}/Target Support Files/Pods-TRTCSimpleDemo/Pods-TRTCSimpleDemo-resources-${CONFIGURATION}-output-files.xcfilelist",
			);
			runOnlyForDeploymentPostprocessing = 0;
			shellPath = /bin/sh;
			shellScript = "\"${PODS_ROOT}/Target Support Files/Pods-TRTCSimpleDemo/Pods-TRTCSimpleDemo-resources.sh\"\n";
			showEnvVarsInLog = 0;
		};
/* End PBXShellScriptBuildPhase section */

/* Begin PBXSourcesBuildPhase section */
		2D97861A2523226C00D30722 /* Sources */ = {
			isa = PBXSourcesBuildPhase;
			buildActionMask = 2147483647;
			files = (
				E3BB0286271558FD00E3B367 /* FUFilterModel.m in Sources */,
				E3BB027E271558FD00E3B367 /* FUMakeupViewModel.m in Sources */,
				E3BB0284271558FD00E3B367 /* FUBeautySkinModel.m in Sources */,
				E3BB027B271558FD00E3B367 /* FUBeautySkinViewModel.m in Sources */,
				E3BB028F271558FD00E3B367 /* FUBeautyFunctionView.m in Sources */,
				E3BB0288271558FD00E3B367 /* FUStickerModel.m in Sources */,
				2D9786962523315A00D30722 /* main.m in Sources */,
				E3BB027A271558FD00E3B367 /* FUViewModel.m in Sources */,
				E3BB0282271558FD00E3B367 /* FUTestRecorder.m in Sources */,
				2DDF87D125235385005ECFFE /* TRTRCRoomViewController.m in Sources */,
				2D9786952523315A00D30722 /* ViewController.m in Sources */,
				E3BB027C271558FD00E3B367 /* FUBeautyShapeViewModel.m in Sources */,
				E3BB0287271558FD00E3B367 /* FUModel.m in Sources */,
				2D9786972523315A00D30722 /* AppDelegate.m in Sources */,
				E3BB028E271558FD00E3B367 /* FUFunctionView.m in Sources */,
				E3BB028A271558FD00E3B367 /* FUBottomBar.m in Sources */,
				2DDF8924252410B2005ECFFE /* NSString+UISize.m in Sources */,
				E3BB027F271558FD00E3B367 /* FUFilterViewModel.m in Sources */,
				2DDF87CD25233B9F005ECFFE /* TRTCViewController.m in Sources */,
				2DDF8927252410B2005ECFFE /* ControlView.m in Sources */,
				E3BB02A8271558FD00E3B367 /* FUManager.m in Sources */,
				2DDF8923252410B2005ECFFE /* NSString+Common.m in Sources */,
				E3BB028C271558FD00E3B367 /* FUSquareButton.m in Sources */,
				E3BB0285271558FD00E3B367 /* FUBeautyBodyModel.m in Sources */,
				E3BB0283271558FD00E3B367 /* FUBeautyShapeModel.m in Sources */,
				E3BB028D271558FD00E3B367 /* FUOthersFunctionView.m in Sources */,
				E3BB0281271558FD00E3B367 /* FUDemoManager.m in Sources */,
				E3BB0289271558FD00E3B367 /* FUMakeupModel.m in Sources */,
				E3BB0280271558FD00E3B367 /* FUBeautyBodyViewModel.m in Sources */,
				2DDF8921252410B2005ECFFE /* UIView+Additions.m in Sources */,
				2DDF8922252410B2005ECFFE /* NSData+Common.m in Sources */,
				E3BB028B271558FD00E3B367 /* FUSlider.m in Sources */,
				2DDF890E25235EAB005ECFFE /* GenerateTestUserSig.m in Sources */,
				2DDF8926252410B2005ECFFE /* TextCell.m in Sources */,
				E3BB027D271558FD00E3B367 /* FUStickerViewModel.m in Sources */,
				2DDF8925252410B2005ECFFE /* BeautySettingPanel.m in Sources */,
			);
			runOnlyForDeploymentPostprocessing = 0;
		};
/* End PBXSourcesBuildPhase section */

/* Begin PBXVariantGroup section */
		2D9786C3252334CC00D30722 /* LaunchScreen.storyboard */ = {
			isa = PBXVariantGroup;
			children = (
				2D9786C4252334CC00D30722 /* Base */,
			);
			name = LaunchScreen.storyboard;
			sourceTree = "<group>";
		};
		2D9786C5252334CC00D30722 /* Main.storyboard */ = {
			isa = PBXVariantGroup;
			children = (
				2D9786C6252334CC00D30722 /* Base */,
			);
			name = Main.storyboard;
			sourceTree = "<group>";
		};
		E3BB025D271558FD00E3B367 /* FaceUnity.strings */ = {
			isa = PBXVariantGroup;
			children = (
				E3BB025E271558FD00E3B367 /* zh-Hans */,
				E3BB0272271558FD00E3B367 /* en */,
			);
			name = FaceUnity.strings;
			sourceTree = "<group>";
		};
/* End PBXVariantGroup section */

/* Begin XCBuildConfiguration section */
		2D97864B2523226D00D30722 /* Debug */ = {
			isa = XCBuildConfiguration;
			buildSettings = {
				ALWAYS_SEARCH_USER_PATHS = NO;
				CLANG_ANALYZER_NONNULL = YES;
				CLANG_ANALYZER_NUMBER_OBJECT_CONVERSION = YES_AGGRESSIVE;
				CLANG_CXX_LANGUAGE_STANDARD = "gnu++14";
				CLANG_CXX_LIBRARY = "libc++";
				CLANG_ENABLE_MODULES = YES;
				CLANG_ENABLE_OBJC_ARC = YES;
				CLANG_ENABLE_OBJC_WEAK = YES;
				CLANG_WARN_BLOCK_CAPTURE_AUTORELEASING = YES;
				CLANG_WARN_BOOL_CONVERSION = YES;
				CLANG_WARN_COMMA = YES;
				CLANG_WARN_CONSTANT_CONVERSION = YES;
				CLANG_WARN_DEPRECATED_OBJC_IMPLEMENTATIONS = YES;
				CLANG_WARN_DIRECT_OBJC_ISA_USAGE = YES_ERROR;
				CLANG_WARN_DOCUMENTATION_COMMENTS = YES;
				CLANG_WARN_EMPTY_BODY = YES;
				CLANG_WARN_ENUM_CONVERSION = YES;
				CLANG_WARN_INFINITE_RECURSION = YES;
				CLANG_WARN_INT_CONVERSION = YES;
				CLANG_WARN_NON_LITERAL_NULL_CONVERSION = YES;
				CLANG_WARN_OBJC_IMPLICIT_RETAIN_SELF = YES;
				CLANG_WARN_OBJC_LITERAL_CONVERSION = YES;
				CLANG_WARN_OBJC_ROOT_CLASS = YES_ERROR;
				CLANG_WARN_QUOTED_INCLUDE_IN_FRAMEWORK_HEADER = YES;
				CLANG_WARN_RANGE_LOOP_ANALYSIS = YES;
				CLANG_WARN_STRICT_PROTOTYPES = YES;
				CLANG_WARN_SUSPICIOUS_MOVE = YES;
				CLANG_WARN_UNGUARDED_AVAILABILITY = YES_AGGRESSIVE;
				CLANG_WARN_UNREACHABLE_CODE = YES;
				CLANG_WARN__DUPLICATE_METHOD_MATCH = YES;
				COPY_PHASE_STRIP = NO;
				DEBUG_INFORMATION_FORMAT = dwarf;
				ENABLE_STRICT_OBJC_MSGSEND = YES;
				ENABLE_TESTABILITY = YES;
				GCC_C_LANGUAGE_STANDARD = gnu11;
				GCC_DYNAMIC_NO_PIC = NO;
				GCC_NO_COMMON_BLOCKS = YES;
				GCC_OPTIMIZATION_LEVEL = 0;
				GCC_PREPROCESSOR_DEFINITIONS = (
					"DEBUG=1",
					"$(inherited)",
				);
				GCC_WARN_64_TO_32_BIT_CONVERSION = YES;
				GCC_WARN_ABOUT_RETURN_TYPE = YES_ERROR;
				GCC_WARN_UNDECLARED_SELECTOR = YES;
				GCC_WARN_UNINITIALIZED_AUTOS = YES_AGGRESSIVE;
				GCC_WARN_UNUSED_FUNCTION = YES;
				GCC_WARN_UNUSED_VARIABLE = YES;
				IPHONEOS_DEPLOYMENT_TARGET = 9.0;
				MTL_ENABLE_DEBUG_INFO = INCLUDE_SOURCE;
				MTL_FAST_MATH = YES;
				ONLY_ACTIVE_ARCH = YES;
				SDKROOT = iphoneos;
			};
			name = Debug;
		};
		2D97864C2523226D00D30722 /* Release */ = {
			isa = XCBuildConfiguration;
			buildSettings = {
				ALWAYS_SEARCH_USER_PATHS = NO;
				CLANG_ANALYZER_NONNULL = YES;
				CLANG_ANALYZER_NUMBER_OBJECT_CONVERSION = YES_AGGRESSIVE;
				CLANG_CXX_LANGUAGE_STANDARD = "gnu++14";
				CLANG_CXX_LIBRARY = "libc++";
				CLANG_ENABLE_MODULES = YES;
				CLANG_ENABLE_OBJC_ARC = YES;
				CLANG_ENABLE_OBJC_WEAK = YES;
				CLANG_WARN_BLOCK_CAPTURE_AUTORELEASING = YES;
				CLANG_WARN_BOOL_CONVERSION = YES;
				CLANG_WARN_COMMA = YES;
				CLANG_WARN_CONSTANT_CONVERSION = YES;
				CLANG_WARN_DEPRECATED_OBJC_IMPLEMENTATIONS = YES;
				CLANG_WARN_DIRECT_OBJC_ISA_USAGE = YES_ERROR;
				CLANG_WARN_DOCUMENTATION_COMMENTS = YES;
				CLANG_WARN_EMPTY_BODY = YES;
				CLANG_WARN_ENUM_CONVERSION = YES;
				CLANG_WARN_INFINITE_RECURSION = YES;
				CLANG_WARN_INT_CONVERSION = YES;
				CLANG_WARN_NON_LITERAL_NULL_CONVERSION = YES;
				CLANG_WARN_OBJC_IMPLICIT_RETAIN_SELF = YES;
				CLANG_WARN_OBJC_LITERAL_CONVERSION = YES;
				CLANG_WARN_OBJC_ROOT_CLASS = YES_ERROR;
				CLANG_WARN_QUOTED_INCLUDE_IN_FRAMEWORK_HEADER = YES;
				CLANG_WARN_RANGE_LOOP_ANALYSIS = YES;
				CLANG_WARN_STRICT_PROTOTYPES = YES;
				CLANG_WARN_SUSPICIOUS_MOVE = YES;
				CLANG_WARN_UNGUARDED_AVAILABILITY = YES_AGGRESSIVE;
				CLANG_WARN_UNREACHABLE_CODE = YES;
				CLANG_WARN__DUPLICATE_METHOD_MATCH = YES;
				COPY_PHASE_STRIP = NO;
				DEBUG_INFORMATION_FORMAT = "dwarf-with-dsym";
				ENABLE_NS_ASSERTIONS = NO;
				ENABLE_STRICT_OBJC_MSGSEND = YES;
				GCC_C_LANGUAGE_STANDARD = gnu11;
				GCC_NO_COMMON_BLOCKS = YES;
				GCC_WARN_64_TO_32_BIT_CONVERSION = YES;
				GCC_WARN_ABOUT_RETURN_TYPE = YES_ERROR;
				GCC_WARN_UNDECLARED_SELECTOR = YES;
				GCC_WARN_UNINITIALIZED_AUTOS = YES_AGGRESSIVE;
				GCC_WARN_UNUSED_FUNCTION = YES;
				GCC_WARN_UNUSED_VARIABLE = YES;
				IPHONEOS_DEPLOYMENT_TARGET = 9.0;
				MTL_ENABLE_DEBUG_INFO = NO;
				MTL_FAST_MATH = YES;
				SDKROOT = iphoneos;
				VALIDATE_PRODUCT = YES;
			};
			name = Release;
		};
		2D97864E2523226D00D30722 /* Debug */ = {
			isa = XCBuildConfiguration;
			baseConfigurationReference = F611EE6525FCB14B76F9C931 /* Pods-TRTCSimpleDemo.debug.xcconfig */;
			buildSettings = {
				ASSETCATALOG_COMPILER_APPICON_NAME = AppIcon;
				ASSETCATALOG_COMPILER_GLOBAL_ACCENT_COLOR_NAME = AccentColor;
				CODE_SIGN_IDENTITY = "Apple Development";
				CODE_SIGN_STYLE = Automatic;
				DEVELOPMENT_TEAM = 35A6KD62ZJ;
				ENABLE_BITCODE = NO;
				FRAMEWORK_SEARCH_PATHS = (
					"$(inherited)",
					"$(PROJECT_DIR)/TRTCSimpleDemo/FaceUnity/FaceUnity-SDK-iOS",
					"$(PROJECT_DIR)/TRTCSimpleDemo/SDK",
					"$(PROJECT_DIR)/TRTCSimpleDemo/Lib",
					"$(PROJECT_DIR)/TRTCSimpleDemo/FaceUnity/Lib",
				);
				INFOPLIST_FILE = "$(SRCROOT)/TRTCSimpleDemo/Resource/Info.plist";
				LD_RUNPATH_SEARCH_PATHS = (
					"$(inherited)",
					"@executable_path/Frameworks",
				);
				LIBRARY_SEARCH_PATHS = (
					"$(inherited)",
					"$(PROJECT_DIR)/TRTCSimpleDemo/Lib/FURenderKit/FURenderKit/SDKCode/Faceunity/FaceUnity-SDK-iOS",
				);
				PRODUCT_BUNDLE_IDENTIFIER = com.faceunity.TRTCSimpleDemo;
				PRODUCT_NAME = "$(TARGET_NAME)";
				PROVISIONING_PROFILE_SPECIFIER = "";
				TARGETED_DEVICE_FAMILY = 1;
			};
			name = Debug;
		};
		2D97864F2523226D00D30722 /* Release */ = {
			isa = XCBuildConfiguration;
			baseConfigurationReference = EB6A8CC9BCDE9BF25C3FB1E9 /* Pods-TRTCSimpleDemo.release.xcconfig */;
			buildSettings = {
				ASSETCATALOG_COMPILER_APPICON_NAME = AppIcon;
				ASSETCATALOG_COMPILER_GLOBAL_ACCENT_COLOR_NAME = AccentColor;
				CODE_SIGN_IDENTITY = "Apple Development";
				CODE_SIGN_STYLE = Automatic;
				DEVELOPMENT_TEAM = 35A6KD62ZJ;
				ENABLE_BITCODE = NO;
				FRAMEWORK_SEARCH_PATHS = (
					"$(inherited)",
					"$(PROJECT_DIR)/TRTCSimpleDemo/FaceUnity/FaceUnity-SDK-iOS",
					"$(PROJECT_DIR)/TRTCSimpleDemo/SDK",
					"$(PROJECT_DIR)/TRTCSimpleDemo/Lib",
					"$(PROJECT_DIR)/TRTCSimpleDemo/FaceUnity/Lib",
				);
				INFOPLIST_FILE = "$(SRCROOT)/TRTCSimpleDemo/Resource/Info.plist";
				LD_RUNPATH_SEARCH_PATHS = (
					"$(inherited)",
					"@executable_path/Frameworks",
				);
				LIBRARY_SEARCH_PATHS = (
					"$(inherited)",
					"$(PROJECT_DIR)/TRTCSimpleDemo/Lib/FURenderKit/FURenderKit/SDKCode/Faceunity/FaceUnity-SDK-iOS",
				);
				PRODUCT_BUNDLE_IDENTIFIER = com.faceunity.TRTCSimpleDemo;
				PRODUCT_NAME = "$(TARGET_NAME)";
				PROVISIONING_PROFILE_SPECIFIER = "";
				TARGETED_DEVICE_FAMILY = 1;
			};
			name = Release;
		};
/* End XCBuildConfiguration section */

/* Begin XCConfigurationList section */
		2D9786192523226C00D30722 /* Build configuration list for PBXProject "TRTCSimpleDemo" */ = {
			isa = XCConfigurationList;
			buildConfigurations = (
				2D97864B2523226D00D30722 /* Debug */,
				2D97864C2523226D00D30722 /* Release */,
			);
			defaultConfigurationIsVisible = 0;
			defaultConfigurationName = Release;
		};
		2D97864D2523226D00D30722 /* Build configuration list for PBXNativeTarget "TRTCSimpleDemo" */ = {
			isa = XCConfigurationList;
			buildConfigurations = (
				2D97864E2523226D00D30722 /* Debug */,
				2D97864F2523226D00D30722 /* Release */,
			);
			defaultConfigurationIsVisible = 0;
			defaultConfigurationName = Release;
		};
/* End XCConfigurationList section */
	};
	rootObject = 2D9786162523226C00D30722 /* Project object */;
}
