// !$*UTF8*$!
{
	archiveVersion = 1;
	classes = {
	};
	objectVersion = 52;
	objects = {

/* Begin PBXBuildFile section */
		2D9786952523315A00D30722 /* ViewController.m in Sources */ = {isa = PBXBuildFile; fileRef = 2D97868A2523315A00D30722 /* ViewController.m */; };
		2D9786962523315A00D30722 /* main.m in Sources */ = {isa = PBXBuildFile; fileRef = 2D97868B2523315A00D30722 /* main.m */; };
		2D9786972523315A00D30722 /* AppDelegate.m in Sources */ = {isa = PBXBuildFile; fileRef = 2D97868C2523315A00D30722 /* AppDelegate.m */; };
		2D9786C8252334CC00D30722 /* Assets.xcassets in Resources */ = {isa = PBXBuildFile; fileRef = 2D9786C2252334CC00D30722 /* Assets.xcassets */; };
		2D9786C9252334CC00D30722 /* LaunchScreen.storyboard in Resources */ = {isa = PBXBuildFile; fileRef = 2D9786C3252334CC00D30722 /* LaunchScreen.storyboard */; };
		2D9786CA252334CC00D30722 /* Main.storyboard in Resources */ = {isa = PBXBuildFile; fileRef = 2D9786C5252334CC00D30722 /* Main.storyboard */; };
		2DD8260F25806A71008FC8D8 /* CoreML.framework in Frameworks */ = {isa = PBXBuildFile; fileRef = 2DDF88E725235A9A005ECFFE /* CoreML.framework */; settings = {ATTRIBUTES = (Weak, ); }; };
		2DDF87CD25233B9F005ECFFE /* TRTCViewController.m in Sources */ = {isa = PBXBuildFile; fileRef = 2DDF87CC25233B9F005ECFFE /* TRTCViewController.m */; };
		2DDF87D125235385005ECFFE /* TRTRCRoomViewController.m in Sources */ = {isa = PBXBuildFile; fileRef = 2DDF87D025235385005ECFFE /* TRTRCRoomViewController.m */; };
		2DDF88EA25235AB7005ECFFE /* libc++.tbd in Frameworks */ = {isa = PBXBuildFile; fileRef = 2DDF88E925235AAF005ECFFE /* libc++.tbd */; };
		2DDF88FE25235C54005ECFFE /* libresolv.tbd in Frameworks */ = {isa = PBXBuildFile; fileRef = 2DDF88FD25235C4A005ECFFE /* libresolv.tbd */; };
		2DDF890025235C71005ECFFE /* libiconv.tbd in Frameworks */ = {isa = PBXBuildFile; fileRef = 2DDF88FF25235C67005ECFFE /* libiconv.tbd */; };
		2DDF890E25235EAB005ECFFE /* GenerateTestUserSig.m in Sources */ = {isa = PBXBuildFile; fileRef = 2DDF890C25235EAB005ECFFE /* GenerateTestUserSig.m */; };
		2DDF8921252410B2005ECFFE /* UIView+Additions.m in Sources */ = {isa = PBXBuildFile; fileRef = 2DDF8912252410B2005ECFFE /* UIView+Additions.m */; };
		2DDF8922252410B2005ECFFE /* NSData+Common.m in Sources */ = {isa = PBXBuildFile; fileRef = 2DDF8913252410B2005ECFFE /* NSData+Common.m */; };
		2DDF8923252410B2005ECFFE /* NSString+Common.m in Sources */ = {isa = PBXBuildFile; fileRef = 2DDF8914252410B2005ECFFE /* NSString+Common.m */; };
		2DDF8924252410B2005ECFFE /* NSString+UISize.m in Sources */ = {isa = PBXBuildFile; fileRef = 2DDF8915252410B2005ECFFE /* NSString+UISize.m */; };
		2DDF8925252410B2005ECFFE /* BeautySettingPanel.m in Sources */ = {isa = PBXBuildFile; fileRef = 2DDF891A252410B2005ECFFE /* BeautySettingPanel.m */; };
		2DDF8926252410B2005ECFFE /* TextCell.m in Sources */ = {isa = PBXBuildFile; fileRef = 2DDF891C252410B2005ECFFE /* TextCell.m */; };
		2DDF8927252410B2005ECFFE /* ControlView.m in Sources */ = {isa = PBXBuildFile; fileRef = 2DDF891D252410B2005ECFFE /* ControlView.m */; };
		ADE9AC7F1833A79229630E25 /* libPods-TRTCSimpleDemo.a in Frameworks */ = {isa = PBXBuildFile; fileRef = BD4C734E347DE44EBEAE4A70 /* libPods-TRTCSimpleDemo.a */; };
		E32D4E1D26382A9100E6C1C2 /* ai_hand_processor.bundle in Resources */ = {isa = PBXBuildFile; fileRef = E32D4E0E26382A9100E6C1C2 /* ai_hand_processor.bundle */; };
		E32D4E1E26382A9100E6C1C2 /* ai_face_processor.bundle in Resources */ = {isa = PBXBuildFile; fileRef = E32D4E0F26382A9100E6C1C2 /* ai_face_processor.bundle */; };
		E32D4E2226382A9100E6C1C2 /* ai_human_processor.bundle in Resources */ = {isa = PBXBuildFile; fileRef = E32D4E1326382A9100E6C1C2 /* ai_human_processor.bundle */; };
		E32D4E2326382A9100E6C1C2 /* tongue.bundle in Resources */ = {isa = PBXBuildFile; fileRef = E32D4E1526382A9100E6C1C2 /* tongue.bundle */; };
		E32D4E2426382A9100E6C1C2 /* fxaa.bundle in Resources */ = {isa = PBXBuildFile; fileRef = E32D4E1626382A9100E6C1C2 /* fxaa.bundle */; };
		E32D4E2526382A9100E6C1C2 /* face_makeup.bundle in Resources */ = {isa = PBXBuildFile; fileRef = E32D4E1726382A9100E6C1C2 /* face_makeup.bundle */; };
		E32D4E2626382A9100E6C1C2 /* controller_cpp.bundle in Resources */ = {isa = PBXBuildFile; fileRef = E32D4E1826382A9100E6C1C2 /* controller_cpp.bundle */; };
		E32D4E2726382A9100E6C1C2 /* body_slim.bundle in Resources */ = {isa = PBXBuildFile; fileRef = E32D4E1926382A9100E6C1C2 /* body_slim.bundle */; };
		E32D4E2826382A9100E6C1C2 /* fuzzytoonfilter.bundle in Resources */ = {isa = PBXBuildFile; fileRef = E32D4E1A26382A9100E6C1C2 /* fuzzytoonfilter.bundle */; };
		E32D4E2926382A9100E6C1C2 /* face_beautification.bundle in Resources */ = {isa = PBXBuildFile; fileRef = E32D4E1B26382A9100E6C1C2 /* face_beautification.bundle */; };
		E3827BFD29A4649200E42291 /* CatSparks.bundle in Resources */ = {isa = PBXBuildFile; fileRef = E3827BFB29A4649200E42291 /* CatSparks.bundle */; };
		E3827C0329A6180A00E42291 /* sdlr.bundle in Resources */ = {isa = PBXBuildFile; fileRef = E3827C0229A6180A00E42291 /* sdlr.bundle */; };
		E3BB0282271558FD00E3B367 /* FUTestRecorder.m in Sources */ = {isa = PBXBuildFile; fileRef = E3BB023E271558FD00E3B367 /* FUTestRecorder.m */; };
		E3BB0290271558FD00E3B367 /* FaceUnity.strings in Resources */ = {isa = PBXBuildFile; fileRef = E3BB025D271558FD00E3B367 /* FaceUnity.strings */; };
		E3BB02A3271558FD00E3B367 /* FaceUnity.xcassets in Resources */ = {isa = PBXBuildFile; fileRef = E3BB0273271558FD00E3B367 /* FaceUnity.xcassets */; };
		E3C23EF62993961000FB12F9 /* FUBeautySkinModel.m in Sources */ = {isa = PBXBuildFile; fileRef = E3C23EEA2993960A00FB12F9 /* FUBeautySkinModel.m */; };
		E3C23EF72993961000FB12F9 /* FUStickerModel.m in Sources */ = {isa = PBXBuildFile; fileRef = E3C23EEC2993960B00FB12F9 /* FUStickerModel.m */; };
		E3C23EF82993961000FB12F9 /* FUBeautyFilterModel.m in Sources */ = {isa = PBXBuildFile; fileRef = E3C23EEE2993960C00FB12F9 /* FUBeautyFilterModel.m */; };
		E3C23EF92993961000FB12F9 /* FUBeautyShapeModel.m in Sources */ = {isa = PBXBuildFile; fileRef = E3C23EF02993960C00FB12F9 /* FUBeautyShapeModel.m */; };
		E3C23EFA2993961000FB12F9 /* FUBodyModel.m in Sources */ = {isa = PBXBuildFile; fileRef = E3C23EF42993961000FB12F9 /* FUBodyModel.m */; };
		E3C23EFB2993961000FB12F9 /* FUMakeupModel.m in Sources */ = {isa = PBXBuildFile; fileRef = E3C23EF52993961000FB12F9 /* FUMakeupModel.m */; };
		E3C23F1C2993963C00FB12F9 /* FUBeautyShapeView.m in Sources */ = {isa = PBXBuildFile; fileRef = E3C23EFC2993963800FB12F9 /* FUBeautyShapeView.m */; };
		E3C23F1D2993963C00FB12F9 /* FUStickerView.m in Sources */ = {isa = PBXBuildFile; fileRef = E3C23EFE2993963900FB12F9 /* FUStickerView.m */; };
		E3C23F1E2993963C00FB12F9 /* FUBodyView.m in Sources */ = {isa = PBXBuildFile; fileRef = E3C23F012993963A00FB12F9 /* FUBodyView.m */; };
		E3C23F1F2993963C00FB12F9 /* FUMakeupView.m in Sources */ = {isa = PBXBuildFile; fileRef = E3C23F022993963A00FB12F9 /* FUMakeupView.m */; };
		E3C23F202993963C00FB12F9 /* FUInsetsLabel.m in Sources */ = {isa = PBXBuildFile; fileRef = E3C23F042993963A00FB12F9 /* FUInsetsLabel.m */; };
		E3C23F212993963C00FB12F9 /* FUSegmentBar.m in Sources */ = {isa = PBXBuildFile; fileRef = E3C23F082993963A00FB12F9 /* FUSegmentBar.m */; };
		E3C23F222993963C00FB12F9 /* FUSlider.m in Sources */ = {isa = PBXBuildFile; fileRef = E3C23F0A2993963A00FB12F9 /* FUSlider.m */; };
		E3C23F232993963C00FB12F9 /* FUSquareButton.m in Sources */ = {isa = PBXBuildFile; fileRef = E3C23F0D2993963B00FB12F9 /* FUSquareButton.m */; };
		E3C23F242993963C00FB12F9 /* FUBeautySkinView.m in Sources */ = {isa = PBXBuildFile; fileRef = E3C23F102993963B00FB12F9 /* FUBeautySkinView.m */; };
		E3C23F252993963C00FB12F9 /* FUTipHUD.m in Sources */ = {isa = PBXBuildFile; fileRef = E3C23F132993963B00FB12F9 /* FUTipHUD.m */; };
		E3C23F262993963C00FB12F9 /* FUBeautyFilterView.m in Sources */ = {isa = PBXBuildFile; fileRef = E3C23F152993963C00FB12F9 /* FUBeautyFilterView.m */; };
		E3C23F272993963C00FB12F9 /* FUAlertManager.m in Sources */ = {isa = PBXBuildFile; fileRef = E3C23F192993963C00FB12F9 /* FUAlertManager.m */; };
		E3C23F282993963C00FB12F9 /* FUAlertController.m in Sources */ = {isa = PBXBuildFile; fileRef = E3C23F1A2993963C00FB12F9 /* FUAlertController.m */; };
		E3C23F352993966B00FB12F9 /* FUBeautySkinViewModel.m in Sources */ = {isa = PBXBuildFile; fileRef = E3C23F292993966800FB12F9 /* FUBeautySkinViewModel.m */; };
		E3C23F362993966B00FB12F9 /* FUMakeupViewModel.m in Sources */ = {isa = PBXBuildFile; fileRef = E3C23F2A2993966800FB12F9 /* FUMakeupViewModel.m */; };
		E3C23F372993966B00FB12F9 /* FUBodyViewModel.m in Sources */ = {isa = PBXBuildFile; fileRef = E3C23F2B2993966800FB12F9 /* FUBodyViewModel.m */; };
		E3C23F382993966B00FB12F9 /* FUBeautyFilterViewModel.m in Sources */ = {isa = PBXBuildFile; fileRef = E3C23F2D2993966800FB12F9 /* FUBeautyFilterViewModel.m */; };
		E3C23F392993966B00FB12F9 /* FUBeautyShapeViewModel.m in Sources */ = {isa = PBXBuildFile; fileRef = E3C23F322993966A00FB12F9 /* FUBeautyShapeViewModel.m */; };
		E3C23F3A2993966B00FB12F9 /* FUStickerViewModel.m in Sources */ = {isa = PBXBuildFile; fileRef = E3C23F342993966B00FB12F9 /* FUStickerViewModel.m */; };
		E3C23F3E299396D600FB12F9 /* FUDemoManager.m in Sources */ = {isa = PBXBuildFile; fileRef = E3C23F3C299396D500FB12F9 /* FUDemoManager.m */; };
		E3C23F5F2993970300FB12F9 /* body.json in Resources */ = {isa = PBXBuildFile; fileRef = E3C23F402993970100FB12F9 /* body.json */; };
		E3C23F602993970300FB12F9 /* oumei.bundle in Resources */ = {isa = PBXBuildFile; fileRef = E3C23F422993970200FB12F9 /* oumei.bundle */; };
		E3C23F612993970300FB12F9 /* rose.bundle in Resources */ = {isa = PBXBuildFile; fileRef = E3C23F432993970200FB12F9 /* rose.bundle */; };
		E3C23F622993970300FB12F9 /* linjia.bundle in Resources */ = {isa = PBXBuildFile; fileRef = E3C23F442993970200FB12F9 /* linjia.bundle */; };
		E3C23F632993970300FB12F9 /* yanshimao.bundle in Resources */ = {isa = PBXBuildFile; fileRef = E3C23F452993970200FB12F9 /* yanshimao.bundle */; };
		E3C23F642993970300FB12F9 /* tianmei.bundle in Resources */ = {isa = PBXBuildFile; fileRef = E3C23F462993970200FB12F9 /* tianmei.bundle */; };
		E3C23F652993970300FB12F9 /* ziyun.bundle in Resources */ = {isa = PBXBuildFile; fileRef = E3C23F472993970200FB12F9 /* ziyun.bundle */; };
		E3C23F662993970300FB12F9 /* chaomo.bundle in Resources */ = {isa = PBXBuildFile; fileRef = E3C23F482993970200FB12F9 /* chaomo.bundle */; };
		E3C23F672993970300FB12F9 /* hongfeng.bundle in Resources */ = {isa = PBXBuildFile; fileRef = E3C23F492993970200FB12F9 /* hongfeng.bundle */; };
		E3C23F682993970300FB12F9 /* jianling.bundle in Resources */ = {isa = PBXBuildFile; fileRef = E3C23F4A2993970200FB12F9 /* jianling.bundle */; };
		E3C23F692993970300FB12F9 /* gangfeng.bundle in Resources */ = {isa = PBXBuildFile; fileRef = E3C23F4B2993970200FB12F9 /* gangfeng.bundle */; };
		E3C23F6A2993970300FB12F9 /* combination_makeups.json in Resources */ = {isa = PBXBuildFile; fileRef = E3C23F4C2993970200FB12F9 /* combination_makeups.json */; };
		E3C23F6B2993970300FB12F9 /* chuju.bundle in Resources */ = {isa = PBXBuildFile; fileRef = E3C23F4D2993970200FB12F9 /* chuju.bundle */; };
		E3C23F6C2993970300FB12F9 /* renyu.bundle in Resources */ = {isa = PBXBuildFile; fileRef = E3C23F4E2993970200FB12F9 /* renyu.bundle */; };
		E3C23F6D2993970300FB12F9 /* qianzhihe.bundle in Resources */ = {isa = PBXBuildFile; fileRef = E3C23F4F2993970200FB12F9 /* qianzhihe.bundle */; };
		E3C23F6E2993970300FB12F9 /* wumei.bundle in Resources */ = {isa = PBXBuildFile; fileRef = E3C23F502993970200FB12F9 /* wumei.bundle */; };
		E3C23F6F2993970300FB12F9 /* shaonv.bundle in Resources */ = {isa = PBXBuildFile; fileRef = E3C23F512993970200FB12F9 /* shaonv.bundle */; };
		E3C23F702993970300FB12F9 /* chuqiu.bundle in Resources */ = {isa = PBXBuildFile; fileRef = E3C23F522993970200FB12F9 /* chuqiu.bundle */; };
		E3C23F712993970300FB12F9 /* nuandong.bundle in Resources */ = {isa = PBXBuildFile; fileRef = E3C23F532993970200FB12F9 /* nuandong.bundle */; };
		E3C23F722993970300FB12F9 /* xinggan.bundle in Resources */ = {isa = PBXBuildFile; fileRef = E3C23F542993970200FB12F9 /* xinggan.bundle */; };
		E3C23F732993970300FB12F9 /* beauty_filter.json in Resources */ = {isa = PBXBuildFile; fileRef = E3C23F562993970200FB12F9 /* beauty_filter.json */; };
		E3C23F742993970300FB12F9 /* beauty_shape.json in Resources */ = {isa = PBXBuildFile; fileRef = E3C23F572993970200FB12F9 /* beauty_shape.json */; };
		E3C23F752993970300FB12F9 /* beauty_skin.json in Resources */ = {isa = PBXBuildFile; fileRef = E3C23F582993970200FB12F9 /* beauty_skin.json */; };
		E3C23F762993970300FB12F9 /* fashi.bundle in Resources */ = {isa = PBXBuildFile; fileRef = E3C23F5A2993970300FB12F9 /* fashi.bundle */; };
		E3C23F772993970300FB12F9 /* stickers.json in Resources */ = {isa = PBXBuildFile; fileRef = E3C23F5B2993970300FB12F9 /* stickers.json */; };
		E3C23F782993970300FB12F9 /* sdlu.bundle in Resources */ = {isa = PBXBuildFile; fileRef = E3C23F5C2993970300FB12F9 /* sdlu.bundle */; };
		E3F9B6DB2729398400F3C214 /* FURenderKit.framework in Frameworks */ = {isa = PBXBuildFile; fileRef = E3F9B6D92729397D00F3C214 /* FURenderKit.framework */; platformFilter = ios; };
		E3F9B6DC2729398400F3C214 /* FURenderKit.framework in Embed Frameworks */ = {isa = PBXBuildFile; fileRef = E3F9B6D92729397D00F3C214 /* FURenderKit.framework */; platformFilter = ios; settings = {ATTRIBUTES = (CodeSignOnCopy, RemoveHeadersOnCopy, ); }; };
/* End PBXBuildFile section */

/* Begin PBXCopyFilesBuildPhase section */
		2DDF88DE25235A70005ECFFE /* Embed Frameworks */ = {
			isa = PBXCopyFilesBuildPhase;
			buildActionMask = 2147483647;
			dstPath = "";
			dstSubfolderSpec = 10;
			files = (
				E3F9B6DC2729398400F3C214 /* FURenderKit.framework in Embed Frameworks */,
			);
			name = "Embed Frameworks";
			runOnlyForDeploymentPostprocessing = 0;
		};
/* End PBXCopyFilesBuildPhase section */

/* Begin PBXFileReference section */
		190997F181F7C88655043DB9 /* Pods-TRTCSimpleDemo-TRTCSimpleDemoUITests.debug.xcconfig */ = {isa = PBXFileReference; includeInIndex = 1; lastKnownFileType = text.xcconfig; name = "Pods-TRTCSimpleDemo-TRTCSimpleDemoUITests.debug.xcconfig"; path = "Target Support Files/Pods-TRTCSimpleDemo-TRTCSimpleDemoUITests/Pods-TRTCSimpleDemo-TRTCSimpleDemoUITests.debug.xcconfig"; sourceTree = "<group>"; };
		2D6B1F30252337A60004BF30 /* Info.plist */ = {isa = PBXFileReference; fileEncoding = 4; lastKnownFileType = text.plist.xml; path = Info.plist; sourceTree = "<group>"; };
		2D97861E2523226C00D30722 /* TRTCSimpleDemo.app */ = {isa = PBXFileReference; explicitFileType = wrapper.application; includeInIndex = 0; path = TRTCSimpleDemo.app; sourceTree = BUILT_PRODUCTS_DIR; };
		2D9786892523315A00D30722 /* AppDelegate.h */ = {isa = PBXFileReference; fileEncoding = 4; lastKnownFileType = sourcecode.c.h; path = AppDelegate.h; sourceTree = "<group>"; };
		2D97868A2523315A00D30722 /* ViewController.m */ = {isa = PBXFileReference; fileEncoding = 4; lastKnownFileType = sourcecode.c.objc; path = ViewController.m; sourceTree = "<group>"; };
		2D97868B2523315A00D30722 /* main.m */ = {isa = PBXFileReference; fileEncoding = 4; lastKnownFileType = sourcecode.c.objc; path = main.m; sourceTree = "<group>"; };
		2D97868C2523315A00D30722 /* AppDelegate.m */ = {isa = PBXFileReference; fileEncoding = 4; lastKnownFileType = sourcecode.c.objc; path = AppDelegate.m; sourceTree = "<group>"; };
		2D97868D2523315A00D30722 /* ViewController.h */ = {isa = PBXFileReference; fileEncoding = 4; lastKnownFileType = sourcecode.c.h; path = ViewController.h; sourceTree = "<group>"; };
		2D9786C2252334CC00D30722 /* Assets.xcassets */ = {isa = PBXFileReference; lastKnownFileType = folder.assetcatalog; path = Assets.xcassets; sourceTree = "<group>"; };
		2D9786C4252334CC00D30722 /* Base */ = {isa = PBXFileReference; lastKnownFileType = file.storyboard; name = Base; path = Base.lproj/LaunchScreen.storyboard; sourceTree = "<group>"; };
		2D9786C6252334CC00D30722 /* Base */ = {isa = PBXFileReference; lastKnownFileType = file.storyboard; name = Base; path = Base.lproj/Main.storyboard; sourceTree = "<group>"; };
		2DDF87CB25233B9F005ECFFE /* TRTCViewController.h */ = {isa = PBXFileReference; lastKnownFileType = sourcecode.c.h; path = TRTCViewController.h; sourceTree = "<group>"; };
		2DDF87CC25233B9F005ECFFE /* TRTCViewController.m */ = {isa = PBXFileReference; lastKnownFileType = sourcecode.c.objc; path = TRTCViewController.m; sourceTree = "<group>"; };
		2DDF87CF25235385005ECFFE /* TRTRCRoomViewController.h */ = {isa = PBXFileReference; lastKnownFileType = sourcecode.c.h; path = TRTRCRoomViewController.h; sourceTree = "<group>"; };
		2DDF87D025235385005ECFFE /* TRTRCRoomViewController.m */ = {isa = PBXFileReference; lastKnownFileType = sourcecode.c.objc; path = TRTRCRoomViewController.m; sourceTree = "<group>"; };
		2DDF88DF25235A77005ECFFE /* AVFoundation.framework */ = {isa = PBXFileReference; lastKnownFileType = wrapper.framework; name = AVFoundation.framework; path = System/Library/Frameworks/AVFoundation.framework; sourceTree = SDKROOT; };
		2DDF88E125235A7E005ECFFE /* Accelerate.framework */ = {isa = PBXFileReference; lastKnownFileType = wrapper.framework; name = Accelerate.framework; path = System/Library/Frameworks/Accelerate.framework; sourceTree = SDKROOT; };
		2DDF88E325235A84005ECFFE /* OpenGLES.framework */ = {isa = PBXFileReference; lastKnownFileType = wrapper.framework; name = OpenGLES.framework; path = System/Library/Frameworks/OpenGLES.framework; sourceTree = SDKROOT; };
		2DDF88E525235A92005ECFFE /* CoreMedia.framework */ = {isa = PBXFileReference; lastKnownFileType = wrapper.framework; name = CoreMedia.framework; path = System/Library/Frameworks/CoreMedia.framework; sourceTree = SDKROOT; };
		2DDF88E725235A9A005ECFFE /* CoreML.framework */ = {isa = PBXFileReference; lastKnownFileType = wrapper.framework; name = CoreML.framework; path = System/Library/Frameworks/CoreML.framework; sourceTree = SDKROOT; };
		2DDF88E925235AAF005ECFFE /* libc++.tbd */ = {isa = PBXFileReference; lastKnownFileType = "sourcecode.text-based-dylib-definition"; name = "libc++.tbd"; path = "usr/lib/libc++.tbd"; sourceTree = SDKROOT; };
		2DDF88EB25235B4B005ECFFE /* TXLiteAVSDK_ReplayKitExt.framework */ = {isa = PBXFileReference; lastKnownFileType = wrapper.framework; name = TXLiteAVSDK_ReplayKitExt.framework; path = TRTCSimpleDemo/SDK/TXLiteAVSDK_ReplayKitExt.framework; sourceTree = "<group>"; };
		2DDF88EE25235B56005ECFFE /* TXLiteAVSDK_TRTC.framework */ = {isa = PBXFileReference; lastKnownFileType = wrapper.framework; name = TXLiteAVSDK_TRTC.framework; path = TRTCSimpleDemo/SDK/TXLiteAVSDK_TRTC.framework; sourceTree = "<group>"; };
		2DDF88FD25235C4A005ECFFE /* libresolv.tbd */ = {isa = PBXFileReference; lastKnownFileType = "sourcecode.text-based-dylib-definition"; name = libresolv.tbd; path = usr/lib/libresolv.tbd; sourceTree = SDKROOT; };
		2DDF88FF25235C67005ECFFE /* libiconv.tbd */ = {isa = PBXFileReference; lastKnownFileType = "sourcecode.text-based-dylib-definition"; name = libiconv.tbd; path = usr/lib/libiconv.tbd; sourceTree = SDKROOT; };
		2DDF890525235CAF005ECFFE /* ReplayKit.framework */ = {isa = PBXFileReference; lastKnownFileType = wrapper.framework; name = ReplayKit.framework; path = System/Library/Frameworks/ReplayKit.framework; sourceTree = SDKROOT; };
		2DDF890C25235EAB005ECFFE /* GenerateTestUserSig.m */ = {isa = PBXFileReference; fileEncoding = 4; lastKnownFileType = sourcecode.c.objc; path = GenerateTestUserSig.m; sourceTree = "<group>"; };
		2DDF890D25235EAB005ECFFE /* GenerateTestUserSig.h */ = {isa = PBXFileReference; fileEncoding = 4; lastKnownFileType = sourcecode.c.h; path = GenerateTestUserSig.h; sourceTree = "<group>"; };
		2DDF8910252410B2005ECFFE /* NSString+Common.h */ = {isa = PBXFileReference; fileEncoding = 4; lastKnownFileType = sourcecode.c.h; path = "NSString+Common.h"; sourceTree = "<group>"; };
		2DDF8911252410B2005ECFFE /* NSString+UISize.h */ = {isa = PBXFileReference; fileEncoding = 4; lastKnownFileType = sourcecode.c.h; path = "NSString+UISize.h"; sourceTree = "<group>"; };
		2DDF8912252410B2005ECFFE /* UIView+Additions.m */ = {isa = PBXFileReference; fileEncoding = 4; lastKnownFileType = sourcecode.c.objc; path = "UIView+Additions.m"; sourceTree = "<group>"; };
		2DDF8913252410B2005ECFFE /* NSData+Common.m */ = {isa = PBXFileReference; fileEncoding = 4; lastKnownFileType = sourcecode.c.objc; path = "NSData+Common.m"; sourceTree = "<group>"; };
		2DDF8914252410B2005ECFFE /* NSString+Common.m */ = {isa = PBXFileReference; fileEncoding = 4; lastKnownFileType = sourcecode.c.objc; path = "NSString+Common.m"; sourceTree = "<group>"; };
		2DDF8915252410B2005ECFFE /* NSString+UISize.m */ = {isa = PBXFileReference; fileEncoding = 4; lastKnownFileType = sourcecode.c.objc; path = "NSString+UISize.m"; sourceTree = "<group>"; };
		2DDF8916252410B2005ECFFE /* NSData+Common.h */ = {isa = PBXFileReference; fileEncoding = 4; lastKnownFileType = sourcecode.c.h; path = "NSData+Common.h"; sourceTree = "<group>"; };
		2DDF8917252410B2005ECFFE /* UIView+Additions.h */ = {isa = PBXFileReference; fileEncoding = 4; lastKnownFileType = sourcecode.c.h; path = "UIView+Additions.h"; sourceTree = "<group>"; };
		2DDF8919252410B2005ECFFE /* ControlView.h */ = {isa = PBXFileReference; fileEncoding = 4; lastKnownFileType = sourcecode.c.h; path = ControlView.h; sourceTree = "<group>"; };
		2DDF891A252410B2005ECFFE /* BeautySettingPanel.m */ = {isa = PBXFileReference; fileEncoding = 4; lastKnownFileType = sourcecode.c.objc; path = BeautySettingPanel.m; sourceTree = "<group>"; };
		2DDF891B252410B2005ECFFE /* PituMotionAddress.h */ = {isa = PBXFileReference; fileEncoding = 4; lastKnownFileType = sourcecode.c.h; path = PituMotionAddress.h; sourceTree = "<group>"; };
		2DDF891C252410B2005ECFFE /* TextCell.m */ = {isa = PBXFileReference; fileEncoding = 4; lastKnownFileType = sourcecode.c.objc; path = TextCell.m; sourceTree = "<group>"; };
		2DDF891D252410B2005ECFFE /* ControlView.m */ = {isa = PBXFileReference; fileEncoding = 4; lastKnownFileType = sourcecode.c.objc; path = ControlView.m; sourceTree = "<group>"; };
		2DDF891E252410B2005ECFFE /* BeautySettingPanel.h */ = {isa = PBXFileReference; fileEncoding = 4; lastKnownFileType = sourcecode.c.h; path = BeautySettingPanel.h; sourceTree = "<group>"; };
		2DDF891F252410B2005ECFFE /* TextCell.h */ = {isa = PBXFileReference; fileEncoding = 4; lastKnownFileType = sourcecode.c.h; path = TextCell.h; sourceTree = "<group>"; };
		2DDF8920252410B2005ECFFE /* ColorMacro.h */ = {isa = PBXFileReference; fileEncoding = 4; lastKnownFileType = sourcecode.c.h; path = ColorMacro.h; sourceTree = "<group>"; };
		4FAEE416B2FC468B371B0E0F /* Pods-TRTCSimpleDemoTests.release.xcconfig */ = {isa = PBXFileReference; includeInIndex = 1; lastKnownFileType = text.xcconfig; name = "Pods-TRTCSimpleDemoTests.release.xcconfig"; path = "Target Support Files/Pods-TRTCSimpleDemoTests/Pods-TRTCSimpleDemoTests.release.xcconfig"; sourceTree = "<group>"; };
		6F3158C009FFEF33A4A6AD86 /* libPods-TRTCSimpleDemo-TRTCSimpleDemoUITests.a */ = {isa = PBXFileReference; explicitFileType = archive.ar; includeInIndex = 0; path = "libPods-TRTCSimpleDemo-TRTCSimpleDemoUITests.a"; sourceTree = BUILT_PRODUCTS_DIR; };
		80238F037F15FBB43BE285CD /* Pods-TRTCSimpleDemo-TRTCSimpleDemoUITests.release.xcconfig */ = {isa = PBXFileReference; includeInIndex = 1; lastKnownFileType = text.xcconfig; name = "Pods-TRTCSimpleDemo-TRTCSimpleDemoUITests.release.xcconfig"; path = "Target Support Files/Pods-TRTCSimpleDemo-TRTCSimpleDemoUITests/Pods-TRTCSimpleDemo-TRTCSimpleDemoUITests.release.xcconfig"; sourceTree = "<group>"; };
		91A8CDA3F83594221778CAA9 /* Pods-TRTCSimpleDemoTests.debug.xcconfig */ = {isa = PBXFileReference; includeInIndex = 1; lastKnownFileType = text.xcconfig; name = "Pods-TRTCSimpleDemoTests.debug.xcconfig"; path = "Target Support Files/Pods-TRTCSimpleDemoTests/Pods-TRTCSimpleDemoTests.debug.xcconfig"; sourceTree = "<group>"; };
		BD4C734E347DE44EBEAE4A70 /* libPods-TRTCSimpleDemo.a */ = {isa = PBXFileReference; explicitFileType = archive.ar; includeInIndex = 0; path = "libPods-TRTCSimpleDemo.a"; sourceTree = BUILT_PRODUCTS_DIR; };
		BD7ACBB68CE2CD7085D72323 /* libPods-TRTCSimpleDemoTests.a */ = {isa = PBXFileReference; explicitFileType = archive.ar; includeInIndex = 0; path = "libPods-TRTCSimpleDemoTests.a"; sourceTree = BUILT_PRODUCTS_DIR; };
		E32D4DA22638187300E6C1C2 /* authpack.h */ = {isa = PBXFileReference; fileEncoding = 4; lastKnownFileType = sourcecode.c.h; path = authpack.h; sourceTree = "<group>"; };
		E32D4E0E26382A9100E6C1C2 /* ai_hand_processor.bundle */ = {isa = PBXFileReference; lastKnownFileType = "wrapper.plug-in"; path = ai_hand_processor.bundle; sourceTree = "<group>"; };
		E32D4E0F26382A9100E6C1C2 /* ai_face_processor.bundle */ = {isa = PBXFileReference; lastKnownFileType = file; path = ai_face_processor.bundle; sourceTree = "<group>"; };
		E32D4E1326382A9100E6C1C2 /* ai_human_processor.bundle */ = {isa = PBXFileReference; lastKnownFileType = "wrapper.plug-in"; path = ai_human_processor.bundle; sourceTree = "<group>"; };
		E32D4E1526382A9100E6C1C2 /* tongue.bundle */ = {isa = PBXFileReference; lastKnownFileType = file; path = tongue.bundle; sourceTree = "<group>"; };
		E32D4E1626382A9100E6C1C2 /* fxaa.bundle */ = {isa = PBXFileReference; lastKnownFileType = file; path = fxaa.bundle; sourceTree = "<group>"; };
		E32D4E1726382A9100E6C1C2 /* face_makeup.bundle */ = {isa = PBXFileReference; lastKnownFileType = file; path = face_makeup.bundle; sourceTree = "<group>"; };
		E32D4E1826382A9100E6C1C2 /* controller_cpp.bundle */ = {isa = PBXFileReference; lastKnownFileType = file; path = controller_cpp.bundle; sourceTree = "<group>"; };
		E32D4E1926382A9100E6C1C2 /* body_slim.bundle */ = {isa = PBXFileReference; lastKnownFileType = file; path = body_slim.bundle; sourceTree = "<group>"; };
		E32D4E1A26382A9100E6C1C2 /* fuzzytoonfilter.bundle */ = {isa = PBXFileReference; lastKnownFileType = file; path = fuzzytoonfilter.bundle; sourceTree = "<group>"; };
		E32D4E1B26382A9100E6C1C2 /* face_beautification.bundle */ = {isa = PBXFileReference; lastKnownFileType = file; path = face_beautification.bundle; sourceTree = "<group>"; };
		E3827BFB29A4649200E42291 /* CatSparks.bundle */ = {isa = PBXFileReference; lastKnownFileType = file; path = CatSparks.bundle; sourceTree = "<group>"; };
		E3827C0229A6180A00E42291 /* sdlr.bundle */ = {isa = PBXFileReference; lastKnownFileType = file; path = sdlr.bundle; sourceTree = "<group>"; };
		E3BB0239271558FD00E3B367 /* FUTestRecorder.h */ = {isa = PBXFileReference; fileEncoding = 4; lastKnownFileType = sourcecode.c.h; path = FUTestRecorder.h; sourceTree = "<group>"; };
		E3BB023E271558FD00E3B367 /* FUTestRecorder.m */ = {isa = PBXFileReference; fileEncoding = 4; lastKnownFileType = sourcecode.c.objc; path = FUTestRecorder.m; sourceTree = "<group>"; };
		E3BB025E271558FD00E3B367 /* zh-Hans */ = {isa = PBXFileReference; lastKnownFileType = text.plist.strings; name = "zh-Hans"; path = "zh-Hans.lproj/FaceUnity.strings"; sourceTree = "<group>"; };
		E3BB0272271558FD00E3B367 /* en */ = {isa = PBXFileReference; lastKnownFileType = text.plist.strings; name = en; path = en.lproj/FaceUnity.strings; sourceTree = "<group>"; };
		E3BB0273271558FD00E3B367 /* FaceUnity.xcassets */ = {isa = PBXFileReference; lastKnownFileType = folder.assetcatalog; path = FaceUnity.xcassets; sourceTree = "<group>"; };
		E3C23EEA2993960A00FB12F9 /* FUBeautySkinModel.m */ = {isa = PBXFileReference; fileEncoding = 4; lastKnownFileType = sourcecode.c.objc; path = FUBeautySkinModel.m; sourceTree = "<group>"; };
		E3C23EEB2993960B00FB12F9 /* FUStickerModel.h */ = {isa = PBXFileReference; fileEncoding = 4; lastKnownFileType = sourcecode.c.h; path = FUStickerModel.h; sourceTree = "<group>"; };
		E3C23EEC2993960B00FB12F9 /* FUStickerModel.m */ = {isa = PBXFileReference; fileEncoding = 4; lastKnownFileType = sourcecode.c.objc; path = FUStickerModel.m; sourceTree = "<group>"; };
		E3C23EED2993960B00FB12F9 /* FUBeautySkinModel.h */ = {isa = PBXFileReference; fileEncoding = 4; lastKnownFileType = sourcecode.c.h; path = FUBeautySkinModel.h; sourceTree = "<group>"; };
		E3C23EEE2993960C00FB12F9 /* FUBeautyFilterModel.m */ = {isa = PBXFileReference; fileEncoding = 4; lastKnownFileType = sourcecode.c.objc; path = FUBeautyFilterModel.m; sourceTree = "<group>"; };
		E3C23EEF2993960C00FB12F9 /* FUMakeupModel.h */ = {isa = PBXFileReference; fileEncoding = 4; lastKnownFileType = sourcecode.c.h; path = FUMakeupModel.h; sourceTree = "<group>"; };
		E3C23EF02993960C00FB12F9 /* FUBeautyShapeModel.m */ = {isa = PBXFileReference; fileEncoding = 4; lastKnownFileType = sourcecode.c.objc; path = FUBeautyShapeModel.m; sourceTree = "<group>"; };
		E3C23EF12993960D00FB12F9 /* FUBodyModel.h */ = {isa = PBXFileReference; fileEncoding = 4; lastKnownFileType = sourcecode.c.h; path = FUBodyModel.h; sourceTree = "<group>"; };
		E3C23EF22993960D00FB12F9 /* FUBeautyFilterModel.h */ = {isa = PBXFileReference; fileEncoding = 4; lastKnownFileType = sourcecode.c.h; path = FUBeautyFilterModel.h; sourceTree = "<group>"; };
		E3C23EF32993960F00FB12F9 /* FUBeautyShapeModel.h */ = {isa = PBXFileReference; fileEncoding = 4; lastKnownFileType = sourcecode.c.h; path = FUBeautyShapeModel.h; sourceTree = "<group>"; };
		E3C23EF42993961000FB12F9 /* FUBodyModel.m */ = {isa = PBXFileReference; fileEncoding = 4; lastKnownFileType = sourcecode.c.objc; path = FUBodyModel.m; sourceTree = "<group>"; };
		E3C23EF52993961000FB12F9 /* FUMakeupModel.m */ = {isa = PBXFileReference; fileEncoding = 4; lastKnownFileType = sourcecode.c.objc; path = FUMakeupModel.m; sourceTree = "<group>"; };
		E3C23EFC2993963800FB12F9 /* FUBeautyShapeView.m */ = {isa = PBXFileReference; fileEncoding = 4; lastKnownFileType = sourcecode.c.objc; path = FUBeautyShapeView.m; sourceTree = "<group>"; };
		E3C23EFD2993963900FB12F9 /* FUStickerView.h */ = {isa = PBXFileReference; fileEncoding = 4; lastKnownFileType = sourcecode.c.h; path = FUStickerView.h; sourceTree = "<group>"; };
		E3C23EFE2993963900FB12F9 /* FUStickerView.m */ = {isa = PBXFileReference; fileEncoding = 4; lastKnownFileType = sourcecode.c.objc; path = FUStickerView.m; sourceTree = "<group>"; };
		E3C23EFF2993963900FB12F9 /* FUBodyView.h */ = {isa = PBXFileReference; fileEncoding = 4; lastKnownFileType = sourcecode.c.h; path = FUBodyView.h; sourceTree = "<group>"; };
		E3C23F002993963900FB12F9 /* FUMakeupView.h */ = {isa = PBXFileReference; fileEncoding = 4; lastKnownFileType = sourcecode.c.h; path = FUMakeupView.h; sourceTree = "<group>"; };
		E3C23F012993963A00FB12F9 /* FUBodyView.m */ = {isa = PBXFileReference; fileEncoding = 4; lastKnownFileType = sourcecode.c.objc; path = FUBodyView.m; sourceTree = "<group>"; };
		E3C23F022993963A00FB12F9 /* FUMakeupView.m */ = {isa = PBXFileReference; fileEncoding = 4; lastKnownFileType = sourcecode.c.objc; path = FUMakeupView.m; sourceTree = "<group>"; };
		E3C23F042993963A00FB12F9 /* FUInsetsLabel.m */ = {isa = PBXFileReference; fileEncoding = 4; lastKnownFileType = sourcecode.c.objc; path = FUInsetsLabel.m; sourceTree = "<group>"; };
		E3C23F052993963A00FB12F9 /* FUInsetsLabel.h */ = {isa = PBXFileReference; fileEncoding = 4; lastKnownFileType = sourcecode.c.h; path = FUInsetsLabel.h; sourceTree = "<group>"; };
		E3C23F072993963A00FB12F9 /* FUSegmentBar.h */ = {isa = PBXFileReference; fileEncoding = 4; lastKnownFileType = sourcecode.c.h; path = FUSegmentBar.h; sourceTree = "<group>"; };
		E3C23F082993963A00FB12F9 /* FUSegmentBar.m */ = {isa = PBXFileReference; fileEncoding = 4; lastKnownFileType = sourcecode.c.objc; path = FUSegmentBar.m; sourceTree = "<group>"; };
		E3C23F0A2993963A00FB12F9 /* FUSlider.m */ = {isa = PBXFileReference; fileEncoding = 4; lastKnownFileType = sourcecode.c.objc; path = FUSlider.m; sourceTree = "<group>"; };
		E3C23F0B2993963A00FB12F9 /* FUSlider.h */ = {isa = PBXFileReference; fileEncoding = 4; lastKnownFileType = sourcecode.c.h; path = FUSlider.h; sourceTree = "<group>"; };
		E3C23F0D2993963B00FB12F9 /* FUSquareButton.m */ = {isa = PBXFileReference; fileEncoding = 4; lastKnownFileType = sourcecode.c.objc; path = FUSquareButton.m; sourceTree = "<group>"; };
		E3C23F0E2993963B00FB12F9 /* FUSquareButton.h */ = {isa = PBXFileReference; fileEncoding = 4; lastKnownFileType = sourcecode.c.h; path = FUSquareButton.h; sourceTree = "<group>"; };
		E3C23F0F2993963B00FB12F9 /* FUBeautyShapeView.h */ = {isa = PBXFileReference; fileEncoding = 4; lastKnownFileType = sourcecode.c.h; path = FUBeautyShapeView.h; sourceTree = "<group>"; };
		E3C23F102993963B00FB12F9 /* FUBeautySkinView.m */ = {isa = PBXFileReference; fileEncoding = 4; lastKnownFileType = sourcecode.c.objc; path = FUBeautySkinView.m; sourceTree = "<group>"; };
		E3C23F122993963B00FB12F9 /* FUTipHUD.h */ = {isa = PBXFileReference; fileEncoding = 4; lastKnownFileType = sourcecode.c.h; path = FUTipHUD.h; sourceTree = "<group>"; };
		E3C23F132993963B00FB12F9 /* FUTipHUD.m */ = {isa = PBXFileReference; fileEncoding = 4; lastKnownFileType = sourcecode.c.objc; path = FUTipHUD.m; sourceTree = "<group>"; };
		E3C23F142993963C00FB12F9 /* FUBeautySkinView.h */ = {isa = PBXFileReference; fileEncoding = 4; lastKnownFileType = sourcecode.c.h; path = FUBeautySkinView.h; sourceTree = "<group>"; };
		E3C23F152993963C00FB12F9 /* FUBeautyFilterView.m */ = {isa = PBXFileReference; fileEncoding = 4; lastKnownFileType = sourcecode.c.objc; path = FUBeautyFilterView.m; sourceTree = "<group>"; };
		E3C23F172993963C00FB12F9 /* FUAlertManager.h */ = {isa = PBXFileReference; fileEncoding = 4; lastKnownFileType = sourcecode.c.h; path = FUAlertManager.h; sourceTree = "<group>"; };
		E3C23F182993963C00FB12F9 /* FUAlertController.h */ = {isa = PBXFileReference; fileEncoding = 4; lastKnownFileType = sourcecode.c.h; path = FUAlertController.h; sourceTree = "<group>"; };
		E3C23F192993963C00FB12F9 /* FUAlertManager.m */ = {isa = PBXFileReference; fileEncoding = 4; lastKnownFileType = sourcecode.c.objc; path = FUAlertManager.m; sourceTree = "<group>"; };
		E3C23F1A2993963C00FB12F9 /* FUAlertController.m */ = {isa = PBXFileReference; fileEncoding = 4; lastKnownFileType = sourcecode.c.objc; path = FUAlertController.m; sourceTree = "<group>"; };
		E3C23F1B2993963C00FB12F9 /* FUBeautyFilterView.h */ = {isa = PBXFileReference; fileEncoding = 4; lastKnownFileType = sourcecode.c.h; path = FUBeautyFilterView.h; sourceTree = "<group>"; };
		E3C23F292993966800FB12F9 /* FUBeautySkinViewModel.m */ = {isa = PBXFileReference; fileEncoding = 4; lastKnownFileType = sourcecode.c.objc; path = FUBeautySkinViewModel.m; sourceTree = "<group>"; };
		E3C23F2A2993966800FB12F9 /* FUMakeupViewModel.m */ = {isa = PBXFileReference; fileEncoding = 4; lastKnownFileType = sourcecode.c.objc; path = FUMakeupViewModel.m; sourceTree = "<group>"; };
		E3C23F2B2993966800FB12F9 /* FUBodyViewModel.m */ = {isa = PBXFileReference; fileEncoding = 4; lastKnownFileType = sourcecode.c.objc; path = FUBodyViewModel.m; sourceTree = "<group>"; };
		E3C23F2C2993966800FB12F9 /* FUBeautyShapeViewModel.h */ = {isa = PBXFileReference; fileEncoding = 4; lastKnownFileType = sourcecode.c.h; path = FUBeautyShapeViewModel.h; sourceTree = "<group>"; };
		E3C23F2D2993966800FB12F9 /* FUBeautyFilterViewModel.m */ = {isa = PBXFileReference; fileEncoding = 4; lastKnownFileType = sourcecode.c.objc; path = FUBeautyFilterViewModel.m; sourceTree = "<group>"; };
		E3C23F2E2993966900FB12F9 /* FUBeautySkinViewModel.h */ = {isa = PBXFileReference; fileEncoding = 4; lastKnownFileType = sourcecode.c.h; path = FUBeautySkinViewModel.h; sourceTree = "<group>"; };
		E3C23F2F2993966900FB12F9 /* FUBeautyFilterViewModel.h */ = {isa = PBXFileReference; fileEncoding = 4; lastKnownFileType = sourcecode.c.h; path = FUBeautyFilterViewModel.h; sourceTree = "<group>"; };
		E3C23F302993966900FB12F9 /* FUBodyViewModel.h */ = {isa = PBXFileReference; fileEncoding = 4; lastKnownFileType = sourcecode.c.h; path = FUBodyViewModel.h; sourceTree = "<group>"; };
		E3C23F312993966A00FB12F9 /* FUMakeupViewModel.h */ = {isa = PBXFileReference; fileEncoding = 4; lastKnownFileType = sourcecode.c.h; path = FUMakeupViewModel.h; sourceTree = "<group>"; };
		E3C23F322993966A00FB12F9 /* FUBeautyShapeViewModel.m */ = {isa = PBXFileReference; fileEncoding = 4; lastKnownFileType = sourcecode.c.objc; path = FUBeautyShapeViewModel.m; sourceTree = "<group>"; };
		E3C23F332993966B00FB12F9 /* FUStickerViewModel.h */ = {isa = PBXFileReference; fileEncoding = 4; lastKnownFileType = sourcecode.c.h; path = FUStickerViewModel.h; sourceTree = "<group>"; };
		E3C23F342993966B00FB12F9 /* FUStickerViewModel.m */ = {isa = PBXFileReference; fileEncoding = 4; lastKnownFileType = sourcecode.c.objc; path = FUStickerViewModel.m; sourceTree = "<group>"; };
		E3C23F3B299396B500FB12F9 /* FUDefines.h */ = {isa = PBXFileReference; fileEncoding = 4; lastKnownFileType = sourcecode.c.h; path = FUDefines.h; sourceTree = "<group>"; };
		E3C23F3C299396D500FB12F9 /* FUDemoManager.m */ = {isa = PBXFileReference; fileEncoding = 4; lastKnownFileType = sourcecode.c.objc; path = FUDemoManager.m; sourceTree = "<group>"; };
		E3C23F3D299396D600FB12F9 /* FUDemoManager.h */ = {isa = PBXFileReference; fileEncoding = 4; lastKnownFileType = sourcecode.c.h; path = FUDemoManager.h; sourceTree = "<group>"; };
		E3C23F402993970100FB12F9 /* body.json */ = {isa = PBXFileReference; fileEncoding = 4; lastKnownFileType = text.json; path = body.json; sourceTree = "<group>"; };
		E3C23F422993970200FB12F9 /* oumei.bundle */ = {isa = PBXFileReference; lastKnownFileType = file; path = oumei.bundle; sourceTree = "<group>"; };
		E3C23F432993970200FB12F9 /* rose.bundle */ = {isa = PBXFileReference; lastKnownFileType = file; path = rose.bundle; sourceTree = "<group>"; };
		E3C23F442993970200FB12F9 /* linjia.bundle */ = {isa = PBXFileReference; lastKnownFileType = file; path = linjia.bundle; sourceTree = "<group>"; };
		E3C23F452993970200FB12F9 /* yanshimao.bundle */ = {isa = PBXFileReference; lastKnownFileType = file; path = yanshimao.bundle; sourceTree = "<group>"; };
		E3C23F462993970200FB12F9 /* tianmei.bundle */ = {isa = PBXFileReference; lastKnownFileType = file; path = tianmei.bundle; sourceTree = "<group>"; };
		E3C23F472993970200FB12F9 /* ziyun.bundle */ = {isa = PBXFileReference; lastKnownFileType = file; path = ziyun.bundle; sourceTree = "<group>"; };
		E3C23F482993970200FB12F9 /* chaomo.bundle */ = {isa = PBXFileReference; lastKnownFileType = file; path = chaomo.bundle; sourceTree = "<group>"; };
		E3C23F492993970200FB12F9 /* hongfeng.bundle */ = {isa = PBXFileReference; lastKnownFileType = file; path = hongfeng.bundle; sourceTree = "<group>"; };
		E3C23F4A2993970200FB12F9 /* jianling.bundle */ = {isa = PBXFileReference; lastKnownFileType = file; path = jianling.bundle; sourceTree = "<group>"; };
		E3C23F4B2993970200FB12F9 /* gangfeng.bundle */ = {isa = PBXFileReference; lastKnownFileType = file; path = gangfeng.bundle; sourceTree = "<group>"; };
		E3C23F4C2993970200FB12F9 /* combination_makeups.json */ = {isa = PBXFileReference; fileEncoding = 4; lastKnownFileType = text.json; path = combination_makeups.json; sourceTree = "<group>"; };
		E3C23F4D2993970200FB12F9 /* chuju.bundle */ = {isa = PBXFileReference; lastKnownFileType = file; path = chuju.bundle; sourceTree = "<group>"; };
		E3C23F4E2993970200FB12F9 /* renyu.bundle */ = {isa = PBXFileReference; lastKnownFileType = file; path = renyu.bundle; sourceTree = "<group>"; };
		E3C23F4F2993970200FB12F9 /* qianzhihe.bundle */ = {isa = PBXFileReference; lastKnownFileType = file; path = qianzhihe.bundle; sourceTree = "<group>"; };
		E3C23F502993970200FB12F9 /* wumei.bundle */ = {isa = PBXFileReference; lastKnownFileType = file; path = wumei.bundle; sourceTree = "<group>"; };
		E3C23F512993970200FB12F9 /* shaonv.bundle */ = {isa = PBXFileReference; lastKnownFileType = file; path = shaonv.bundle; sourceTree = "<group>"; };
		E3C23F522993970200FB12F9 /* chuqiu.bundle */ = {isa = PBXFileReference; lastKnownFileType = file; path = chuqiu.bundle; sourceTree = "<group>"; };
		E3C23F532993970200FB12F9 /* nuandong.bundle */ = {isa = PBXFileReference; lastKnownFileType = file; path = nuandong.bundle; sourceTree = "<group>"; };
		E3C23F542993970200FB12F9 /* xinggan.bundle */ = {isa = PBXFileReference; lastKnownFileType = file; path = xinggan.bundle; sourceTree = "<group>"; };
		E3C23F562993970200FB12F9 /* beauty_filter.json */ = {isa = PBXFileReference; fileEncoding = 4; lastKnownFileType = text.json; path = beauty_filter.json; sourceTree = "<group>"; };
		E3C23F572993970200FB12F9 /* beauty_shape.json */ = {isa = PBXFileReference; fileEncoding = 4; lastKnownFileType = text.json; path = beauty_shape.json; sourceTree = "<group>"; };
		E3C23F582993970200FB12F9 /* beauty_skin.json */ = {isa = PBXFileReference; fileEncoding = 4; lastKnownFileType = text.json; path = beauty_skin.json; sourceTree = "<group>"; };
		E3C23F5A2993970300FB12F9 /* fashi.bundle */ = {isa = PBXFileReference; lastKnownFileType = file; path = fashi.bundle; sourceTree = "<group>"; };
		E3C23F5B2993970300FB12F9 /* stickers.json */ = {isa = PBXFileReference; fileEncoding = 4; lastKnownFileType = text.json; path = stickers.json; sourceTree = "<group>"; };
		E3C23F5C2993970300FB12F9 /* sdlu.bundle */ = {isa = PBXFileReference; lastKnownFileType = file; path = sdlu.bundle; sourceTree = "<group>"; };
		E3F9B6D92729397D00F3C214 /* FURenderKit.framework */ = {isa = PBXFileReference; lastKnownFileType = wrapper.framework; path = FURenderKit.framework; sourceTree = "<group>"; };
		EB6A8CC9BCDE9BF25C3FB1E9 /* Pods-TRTCSimpleDemo.release.xcconfig */ = {isa = PBXFileReference; includeInIndex = 1; lastKnownFileType = text.xcconfig; name = "Pods-TRTCSimpleDemo.release.xcconfig"; path = "Target Support Files/Pods-TRTCSimpleDemo/Pods-TRTCSimpleDemo.release.xcconfig"; sourceTree = "<group>"; };
		F611EE6525FCB14B76F9C931 /* Pods-TRTCSimpleDemo.debug.xcconfig */ = {isa = PBXFileReference; includeInIndex = 1; lastKnownFileType = text.xcconfig; name = "Pods-TRTCSimpleDemo.debug.xcconfig"; path = "Target Support Files/Pods-TRTCSimpleDemo/Pods-TRTCSimpleDemo.debug.xcconfig"; sourceTree = "<group>"; };
/* End PBXFileReference section */

/* Begin PBXFrameworksBuildPhase section */
		2D97861B2523226C00D30722 /* Frameworks */ = {
			isa = PBXFrameworksBuildPhase;
			buildActionMask = 2147483647;
			files = (
				2DD8260F25806A71008FC8D8 /* CoreML.framework in Frameworks */,
				2DDF88FE25235C54005ECFFE /* libresolv.tbd in Frameworks */,
				E3F9B6DB2729398400F3C214 /* FURenderKit.framework in Frameworks */,
				2DDF88EA25235AB7005ECFFE /* libc++.tbd in Frameworks */,
				2DDF890025235C71005ECFFE /* libiconv.tbd in Frameworks */,
				ADE9AC7F1833A79229630E25 /* libPods-TRTCSimpleDemo.a in Frameworks */,
			);
			runOnlyForDeploymentPostprocessing = 0;
		};
/* End PBXFrameworksBuildPhase section */

/* Begin PBXGroup section */
		04872284D8B8C6B6C624ADA6 /* Pods */ = {
			isa = PBXGroup;
			children = (
				F611EE6525FCB14B76F9C931 /* Pods-TRTCSimpleDemo.debug.xcconfig */,
				EB6A8CC9BCDE9BF25C3FB1E9 /* Pods-TRTCSimpleDemo.release.xcconfig */,
				190997F181F7C88655043DB9 /* Pods-TRTCSimpleDemo-TRTCSimpleDemoUITests.debug.xcconfig */,
				80238F037F15FBB43BE285CD /* Pods-TRTCSimpleDemo-TRTCSimpleDemoUITests.release.xcconfig */,
				91A8CDA3F83594221778CAA9 /* Pods-TRTCSimpleDemoTests.debug.xcconfig */,
				4FAEE416B2FC468B371B0E0F /* Pods-TRTCSimpleDemoTests.release.xcconfig */,
			);
			path = Pods;
			sourceTree = "<group>";
		};
		2D9786152523226C00D30722 = {
			isa = PBXGroup;
			children = (
				2D9786202523226C00D30722 /* TRTCSimpleDemo */,
				2D97861F2523226C00D30722 /* Products */,
				04872284D8B8C6B6C624ADA6 /* Pods */,
				83865965AB19CA3A6710F15A /* Frameworks */,
			);
			sourceTree = "<group>";
		};
		2D97861F2523226C00D30722 /* Products */ = {
			isa = PBXGroup;
			children = (
				2D97861E2523226C00D30722 /* TRTCSimpleDemo.app */,
			);
			name = Products;
			sourceTree = "<group>";
		};
		2D9786202523226C00D30722 /* TRTCSimpleDemo */ = {
			isa = PBXGroup;
			children = (
				2DDF890F252410B2005ECFFE /* Util */,
				2DDF890B25235EAB005ECFFE /* debug */,
				2DDF885825235A69005ECFFE /* FaceUnity */,
				2D9786C1252334CC00D30722 /* Resource */,
				2D9786882523315A00D30722 /* Main */,
				2D9786902523315A00D30722 /* TRTC */,
			);
			path = TRTCSimpleDemo;
			sourceTree = "<group>";
		};
		2D9786882523315A00D30722 /* Main */ = {
			isa = PBXGroup;
			children = (
				2D9786892523315A00D30722 /* AppDelegate.h */,
				2D97868C2523315A00D30722 /* AppDelegate.m */,
				2D97868B2523315A00D30722 /* main.m */,
				2D97868D2523315A00D30722 /* ViewController.h */,
				2D97868A2523315A00D30722 /* ViewController.m */,
			);
			path = Main;
			sourceTree = "<group>";
		};
		2D9786902523315A00D30722 /* TRTC */ = {
			isa = PBXGroup;
			children = (
				2DDF87CB25233B9F005ECFFE /* TRTCViewController.h */,
				2DDF87CC25233B9F005ECFFE /* TRTCViewController.m */,
				2DDF87CF25235385005ECFFE /* TRTRCRoomViewController.h */,
				2DDF87D025235385005ECFFE /* TRTRCRoomViewController.m */,
			);
			path = TRTC;
			sourceTree = "<group>";
		};
		2D9786C1252334CC00D30722 /* Resource */ = {
			isa = PBXGroup;
			children = (
				2D6B1F30252337A60004BF30 /* Info.plist */,
				2D9786C2252334CC00D30722 /* Assets.xcassets */,
				2D9786C3252334CC00D30722 /* LaunchScreen.storyboard */,
				2D9786C5252334CC00D30722 /* Main.storyboard */,
			);
			path = Resource;
			sourceTree = "<group>";
		};
		2DDF885825235A69005ECFFE /* FaceUnity */ = {
			isa = PBXGroup;
			children = (
				E32D4D1F2638037400E6C1C2 /* Lib */,
				E3BB0229271558FD00E3B367 /* Demo */,
			);
			path = FaceUnity;
			sourceTree = "<group>";
		};
		2DDF890B25235EAB005ECFFE /* debug */ = {
			isa = PBXGroup;
			children = (
				2DDF890D25235EAB005ECFFE /* GenerateTestUserSig.h */,
				2DDF890C25235EAB005ECFFE /* GenerateTestUserSig.m */,
			);
			path = debug;
			sourceTree = "<group>";
		};
		2DDF890F252410B2005ECFFE /* Util */ = {
			isa = PBXGroup;
			children = (
				2DDF8910252410B2005ECFFE /* NSString+Common.h */,
				2DDF8914252410B2005ECFFE /* NSString+Common.m */,
				2DDF8911252410B2005ECFFE /* NSString+UISize.h */,
				2DDF8912252410B2005ECFFE /* UIView+Additions.m */,
				2DDF8913252410B2005ECFFE /* NSData+Common.m */,
				2DDF8915252410B2005ECFFE /* NSString+UISize.m */,
				2DDF8916252410B2005ECFFE /* NSData+Common.h */,
				2DDF8917252410B2005ECFFE /* UIView+Additions.h */,
				2DDF8918252410B2005ECFFE /* BeautySettingPanel */,
				2DDF8920252410B2005ECFFE /* ColorMacro.h */,
			);
			path = Util;
			sourceTree = "<group>";
		};
		2DDF8918252410B2005ECFFE /* BeautySettingPanel */ = {
			isa = PBXGroup;
			children = (
				2DDF8919252410B2005ECFFE /* ControlView.h */,
				2DDF891A252410B2005ECFFE /* BeautySettingPanel.m */,
				2DDF891B252410B2005ECFFE /* PituMotionAddress.h */,
				2DDF891C252410B2005ECFFE /* TextCell.m */,
				2DDF891D252410B2005ECFFE /* ControlView.m */,
				2DDF891E252410B2005ECFFE /* BeautySettingPanel.h */,
				2DDF891F252410B2005ECFFE /* TextCell.h */,
			);
			path = BeautySettingPanel;
			sourceTree = "<group>";
		};
		83865965AB19CA3A6710F15A /* Frameworks */ = {
			isa = PBXGroup;
			children = (
				2DDF890525235CAF005ECFFE /* ReplayKit.framework */,
				2DDF88FF25235C67005ECFFE /* libiconv.tbd */,
				2DDF88FD25235C4A005ECFFE /* libresolv.tbd */,
				2DDF88EE25235B56005ECFFE /* TXLiteAVSDK_TRTC.framework */,
				2DDF88EB25235B4B005ECFFE /* TXLiteAVSDK_ReplayKitExt.framework */,
				2DDF88E925235AAF005ECFFE /* libc++.tbd */,
				2DDF88E725235A9A005ECFFE /* CoreML.framework */,
				2DDF88E525235A92005ECFFE /* CoreMedia.framework */,
				2DDF88E325235A84005ECFFE /* OpenGLES.framework */,
				2DDF88E125235A7E005ECFFE /* Accelerate.framework */,
				2DDF88DF25235A77005ECFFE /* AVFoundation.framework */,
				BD4C734E347DE44EBEAE4A70 /* libPods-TRTCSimpleDemo.a */,
				6F3158C009FFEF33A4A6AD86 /* libPods-TRTCSimpleDemo-TRTCSimpleDemoUITests.a */,
				BD7ACBB68CE2CD7085D72323 /* libPods-TRTCSimpleDemoTests.a */,
			);
			name = Frameworks;
			sourceTree = "<group>";
		};
		E32D4D1F2638037400E6C1C2 /* Lib */ = {
			isa = PBXGroup;
			children = (
				E3F9B6D92729397D00F3C214 /* FURenderKit.framework */,
				E32D4DA22638187300E6C1C2 /* authpack.h */,
				E32D4D452638182B00E6C1C2 /* Resources */,
			);
			path = Lib;
			sourceTree = "<group>";
		};
		E32D4D452638182B00E6C1C2 /* Resources */ = {
			isa = PBXGroup;
			children = (
				E32D4E1426382A9100E6C1C2 /* graphics */,
				E32D4E0C26382A9100E6C1C2 /* model */,
			);
			path = Resources;
			sourceTree = "<group>";
		};
		E32D4E0C26382A9100E6C1C2 /* model */ = {
			isa = PBXGroup;
			children = (
				E32D4E0E26382A9100E6C1C2 /* ai_hand_processor.bundle */,
				E32D4E0F26382A9100E6C1C2 /* ai_face_processor.bundle */,
				E32D4E1326382A9100E6C1C2 /* ai_human_processor.bundle */,
			);
			path = model;
			sourceTree = "<group>";
		};
		E32D4E1426382A9100E6C1C2 /* graphics */ = {
			isa = PBXGroup;
			children = (
				E32D4E1526382A9100E6C1C2 /* tongue.bundle */,
				E32D4E1626382A9100E6C1C2 /* fxaa.bundle */,
				E32D4E1726382A9100E6C1C2 /* face_makeup.bundle */,
				E32D4E1826382A9100E6C1C2 /* controller_cpp.bundle */,
				E32D4E1926382A9100E6C1C2 /* body_slim.bundle */,
				E32D4E1A26382A9100E6C1C2 /* fuzzytoonfilter.bundle */,
				E32D4E1B26382A9100E6C1C2 /* face_beautification.bundle */,
			);
			path = graphics;
			sourceTree = "<group>";
		};
		E3BB0229271558FD00E3B367 /* Demo */ = {
			isa = PBXGroup;
			children = (
				E3C23F3B299396B500FB12F9 /* FUDefines.h */,
				E3C23F3D299396D600FB12F9 /* FUDemoManager.h */,
				E3C23F3C299396D500FB12F9 /* FUDemoManager.m */,
				E3BB0239271558FD00E3B367 /* FUTestRecorder.h */,
				E3BB023E271558FD00E3B367 /* FUTestRecorder.m */,
				E3BB023F271558FD00E3B367 /* Model */,
				E3BB024E271558FD00E3B367 /* View */,
				E3BB022A271558FD00E3B367 /* ViewModel */,
				E3BB025C271558FD00E3B367 /* Resource */,
			);
			path = Demo;
			sourceTree = "<group>";
		};
		E3BB022A271558FD00E3B367 /* ViewModel */ = {
			isa = PBXGroup;
			children = (
				E3C23F2F2993966900FB12F9 /* FUBeautyFilterViewModel.h */,
				E3C23F2D2993966800FB12F9 /* FUBeautyFilterViewModel.m */,
				E3C23F2C2993966800FB12F9 /* FUBeautyShapeViewModel.h */,
				E3C23F322993966A00FB12F9 /* FUBeautyShapeViewModel.m */,
				E3C23F2E2993966900FB12F9 /* FUBeautySkinViewModel.h */,
				E3C23F292993966800FB12F9 /* FUBeautySkinViewModel.m */,
				E3C23F302993966900FB12F9 /* FUBodyViewModel.h */,
				E3C23F2B2993966800FB12F9 /* FUBodyViewModel.m */,
				E3C23F312993966A00FB12F9 /* FUMakeupViewModel.h */,
				E3C23F2A2993966800FB12F9 /* FUMakeupViewModel.m */,
				E3C23F332993966B00FB12F9 /* FUStickerViewModel.h */,
				E3C23F342993966B00FB12F9 /* FUStickerViewModel.m */,
			);
			path = ViewModel;
			sourceTree = "<group>";
		};
		E3BB023F271558FD00E3B367 /* Model */ = {
			isa = PBXGroup;
			children = (
				E3C23EF22993960D00FB12F9 /* FUBeautyFilterModel.h */,
				E3C23EEE2993960C00FB12F9 /* FUBeautyFilterModel.m */,
				E3C23EF32993960F00FB12F9 /* FUBeautyShapeModel.h */,
				E3C23EF02993960C00FB12F9 /* FUBeautyShapeModel.m */,
				E3C23EED2993960B00FB12F9 /* FUBeautySkinModel.h */,
				E3C23EEA2993960A00FB12F9 /* FUBeautySkinModel.m */,
				E3C23EF12993960D00FB12F9 /* FUBodyModel.h */,
				E3C23EF42993961000FB12F9 /* FUBodyModel.m */,
				E3C23EEF2993960C00FB12F9 /* FUMakeupModel.h */,
				E3C23EF52993961000FB12F9 /* FUMakeupModel.m */,
				E3C23EEB2993960B00FB12F9 /* FUStickerModel.h */,
				E3C23EEC2993960B00FB12F9 /* FUStickerModel.m */,
			);
			path = Model;
			sourceTree = "<group>";
		};
		E3BB024E271558FD00E3B367 /* View */ = {
			isa = PBXGroup;
			children = (
				E3C23F032993963A00FB12F9 /* FUInsetsLabel */,
				E3C23F062993963A00FB12F9 /* FUSegmentBar */,
				E3C23F092993963A00FB12F9 /* FUSlider */,
				E3C23F0C2993963B00FB12F9 /* FUSquareButton */,
				E3C23F112993963B00FB12F9 /* FUTipHUD */,
				E3C23F162993963C00FB12F9 /* FUAlert */,
				E3C23F1B2993963C00FB12F9 /* FUBeautyFilterView.h */,
				E3C23F152993963C00FB12F9 /* FUBeautyFilterView.m */,
				E3C23F0F2993963B00FB12F9 /* FUBeautyShapeView.h */,
				E3C23EFC2993963800FB12F9 /* FUBeautyShapeView.m */,
				E3C23F142993963C00FB12F9 /* FUBeautySkinView.h */,
				E3C23F102993963B00FB12F9 /* FUBeautySkinView.m */,
				E3C23EFF2993963900FB12F9 /* FUBodyView.h */,
				E3C23F012993963A00FB12F9 /* FUBodyView.m */,
				E3C23F002993963900FB12F9 /* FUMakeupView.h */,
				E3C23F022993963A00FB12F9 /* FUMakeupView.m */,
				E3C23EFD2993963900FB12F9 /* FUStickerView.h */,
				E3C23EFE2993963900FB12F9 /* FUStickerView.m */,
			);
			path = View;
			sourceTree = "<group>";
		};
		E3BB025C271558FD00E3B367 /* Resource */ = {
			isa = PBXGroup;
			children = (
				E3C23F3F2993970100FB12F9 /* 美体 */,
				E3C23F552993970200FB12F9 /* 美颜 */,
				E3C23F412993970200FB12F9 /* 美妆 */,
				E3C23F592993970300FB12F9 /* 贴纸 */,
				E3BB025D271558FD00E3B367 /* FaceUnity.strings */,
				E3BB0273271558FD00E3B367 /* FaceUnity.xcassets */,
			);
			path = Resource;
			sourceTree = "<group>";
		};
		E3C23F032993963A00FB12F9 /* FUInsetsLabel */ = {
			isa = PBXGroup;
			children = (
				E3C23F042993963A00FB12F9 /* FUInsetsLabel.m */,
				E3C23F052993963A00FB12F9 /* FUInsetsLabel.h */,
			);
			path = FUInsetsLabel;
			sourceTree = "<group>";
		};
		E3C23F062993963A00FB12F9 /* FUSegmentBar */ = {
			isa = PBXGroup;
			children = (
				E3C23F072993963A00FB12F9 /* FUSegmentBar.h */,
				E3C23F082993963A00FB12F9 /* FUSegmentBar.m */,
			);
			path = FUSegmentBar;
			sourceTree = "<group>";
		};
		E3C23F092993963A00FB12F9 /* FUSlider */ = {
			isa = PBXGroup;
			children = (
				E3C23F0A2993963A00FB12F9 /* FUSlider.m */,
				E3C23F0B2993963A00FB12F9 /* FUSlider.h */,
			);
			path = FUSlider;
			sourceTree = "<group>";
		};
		E3C23F0C2993963B00FB12F9 /* FUSquareButton */ = {
			isa = PBXGroup;
			children = (
				E3C23F0D2993963B00FB12F9 /* FUSquareButton.m */,
				E3C23F0E2993963B00FB12F9 /* FUSquareButton.h */,
			);
			path = FUSquareButton;
			sourceTree = "<group>";
		};
		E3C23F112993963B00FB12F9 /* FUTipHUD */ = {
			isa = PBXGroup;
			children = (
				E3C23F122993963B00FB12F9 /* FUTipHUD.h */,
				E3C23F132993963B00FB12F9 /* FUTipHUD.m */,
			);
			path = FUTipHUD;
			sourceTree = "<group>";
		};
		E3C23F162993963C00FB12F9 /* FUAlert */ = {
			isa = PBXGroup;
			children = (
				E3C23F172993963C00FB12F9 /* FUAlertManager.h */,
				E3C23F182993963C00FB12F9 /* FUAlertController.h */,
				E3C23F192993963C00FB12F9 /* FUAlertManager.m */,
				E3C23F1A2993963C00FB12F9 /* FUAlertController.m */,
			);
			path = FUAlert;
			sourceTree = "<group>";
		};
		E3C23F3F2993970100FB12F9 /* 美体 */ = {
			isa = PBXGroup;
			children = (
				E3C23F402993970100FB12F9 /* body.json */,
			);
			path = "美体";
			sourceTree = "<group>";
		};
		E3C23F412993970200FB12F9 /* 美妆 */ = {
			isa = PBXGroup;
			children = (
				E3C23F422993970200FB12F9 /* oumei.bundle */,
				E3C23F432993970200FB12F9 /* rose.bundle */,
				E3C23F442993970200FB12F9 /* linjia.bundle */,
				E3C23F452993970200FB12F9 /* yanshimao.bundle */,
				E3C23F462993970200FB12F9 /* tianmei.bundle */,
				E3C23F472993970200FB12F9 /* ziyun.bundle */,
				E3C23F482993970200FB12F9 /* chaomo.bundle */,
				E3C23F492993970200FB12F9 /* hongfeng.bundle */,
				E3C23F4A2993970200FB12F9 /* jianling.bundle */,
				E3C23F4B2993970200FB12F9 /* gangfeng.bundle */,
				E3C23F4C2993970200FB12F9 /* combination_makeups.json */,
				E3C23F4D2993970200FB12F9 /* chuju.bundle */,
				E3C23F4E2993970200FB12F9 /* renyu.bundle */,
				E3C23F4F2993970200FB12F9 /* qianzhihe.bundle */,
				E3C23F502993970200FB12F9 /* wumei.bundle */,
				E3C23F512993970200FB12F9 /* shaonv.bundle */,
				E3C23F522993970200FB12F9 /* chuqiu.bundle */,
				E3C23F532993970200FB12F9 /* nuandong.bundle */,
				E3C23F542993970200FB12F9 /* xinggan.bundle */,
			);
			path = "美妆";
			sourceTree = "<group>";
		};
		E3C23F552993970200FB12F9 /* 美颜 */ = {
			isa = PBXGroup;
			children = (
				E3C23F562993970200FB12F9 /* beauty_filter.json */,
				E3C23F572993970200FB12F9 /* beauty_shape.json */,
				E3C23F582993970200FB12F9 /* beauty_skin.json */,
			);
			path = "美颜";
			sourceTree = "<group>";
		};
		E3C23F592993970300FB12F9 /* 贴纸 */ = {
			isa = PBXGroup;
			children = (
				E3827C0229A6180A00E42291 /* sdlr.bundle */,
				E3827BFB29A4649200E42291 /* CatSparks.bundle */,
				E3C23F5A2993970300FB12F9 /* fashi.bundle */,
				E3C23F5B2993970300FB12F9 /* stickers.json */,
				E3C23F5C2993970300FB12F9 /* sdlu.bundle */,
			);
			path = "贴纸";
			sourceTree = "<group>";
		};
/* End PBXGroup section */

/* Begin PBXNativeTarget section */
		2D97861D2523226C00D30722 /* TRTCSimpleDemo */ = {
			isa = PBXNativeTarget;
			buildConfigurationList = 2D97864D2523226D00D30722 /* Build configuration list for PBXNativeTarget "TRTCSimpleDemo" */;
			buildPhases = (
				35A69F411C413CD3A9F882F7 /* [CP] Check Pods Manifest.lock */,
				2D97861A2523226C00D30722 /* Sources */,
				2D97861B2523226C00D30722 /* Frameworks */,
				2D97861C2523226C00D30722 /* Resources */,
				6E2EB62A181327805527AC36 /* [CP] Copy Pods Resources */,
				2DDF88DE25235A70005ECFFE /* Embed Frameworks */,
			);
			buildRules = (
			);
			dependencies = (
			);
			name = TRTCSimpleDemo;
			productName = TRTCSimpleDemo;
			productReference = 2D97861E2523226C00D30722 /* TRTCSimpleDemo.app */;
			productType = "com.apple.product-type.application";
		};
/* End PBXNativeTarget section */

/* Begin PBXProject section */
		2D9786162523226C00D30722 /* Project object */ = {
			isa = PBXProject;
			attributes = {
				LastUpgradeCheck = 1200;
				TargetAttributes = {
					2D97861D2523226C00D30722 = {
						CreatedOnToolsVersion = 12.0.1;
					};
				};
			};
			buildConfigurationList = 2D9786192523226C00D30722 /* Build configuration list for PBXProject "TRTCSimpleDemo" */;
			compatibilityVersion = "Xcode 9.3";
			developmentRegion = en;
			hasScannedForEncodings = 0;
			knownRegions = (
				en,
				Base,
				"zh-Hans",
			);
			mainGroup = 2D9786152523226C00D30722;
			productRefGroup = 2D97861F2523226C00D30722 /* Products */;
			projectDirPath = "";
			projectRoot = "";
			targets = (
				2D97861D2523226C00D30722 /* TRTCSimpleDemo */,
			);
		};
/* End PBXProject section */

/* Begin PBXResourcesBuildPhase section */
		2D97861C2523226C00D30722 /* Resources */ = {
			isa = PBXResourcesBuildPhase;
			buildActionMask = 2147483647;
			files = (
				E3C23F722993970300FB12F9 /* xinggan.bundle in Resources */,
				E32D4E2826382A9100E6C1C2 /* fuzzytoonfilter.bundle in Resources */,
				E32D4E2226382A9100E6C1C2 /* ai_human_processor.bundle in Resources */,
				E3C23F742993970300FB12F9 /* beauty_shape.json in Resources */,
				E32D4E2626382A9100E6C1C2 /* controller_cpp.bundle in Resources */,
				2D9786CA252334CC00D30722 /* Main.storyboard in Resources */,
				E3C23F752993970300FB12F9 /* beauty_skin.json in Resources */,
				2D9786C8252334CC00D30722 /* Assets.xcassets in Resources */,
				E3C23F6C2993970300FB12F9 /* renyu.bundle in Resources */,
				E3C23F672993970300FB12F9 /* hongfeng.bundle in Resources */,
				E32D4E2526382A9100E6C1C2 /* face_makeup.bundle in Resources */,
				2D9786C9252334CC00D30722 /* LaunchScreen.storyboard in Resources */,
				E3C23F6A2993970300FB12F9 /* combination_makeups.json in Resources */,
				E3C23F692993970300FB12F9 /* gangfeng.bundle in Resources */,
				E3C23F632993970300FB12F9 /* yanshimao.bundle in Resources */,
				E3C23F772993970300FB12F9 /* stickers.json in Resources */,
				E3C23F6B2993970300FB12F9 /* chuju.bundle in Resources */,
				E3C23F652993970300FB12F9 /* ziyun.bundle in Resources */,
				E3BB02A3271558FD00E3B367 /* FaceUnity.xcassets in Resources */,
				E3C23F662993970300FB12F9 /* chaomo.bundle in Resources */,
				E3BB0290271558FD00E3B367 /* FaceUnity.strings in Resources */,
				E3C23F682993970300FB12F9 /* jianling.bundle in Resources */,
				E3827BFD29A4649200E42291 /* CatSparks.bundle in Resources */,
				E3C23F702993970300FB12F9 /* chuqiu.bundle in Resources */,
				E32D4E2726382A9100E6C1C2 /* body_slim.bundle in Resources */,
				E3C23F6E2993970300FB12F9 /* wumei.bundle in Resources */,
				E3827C0329A6180A00E42291 /* sdlr.bundle in Resources */,
				E3C23F622993970300FB12F9 /* linjia.bundle in Resources */,
				E3C23F5F2993970300FB12F9 /* body.json in Resources */,
				E32D4E1D26382A9100E6C1C2 /* ai_hand_processor.bundle in Resources */,
				E3C23F602993970300FB12F9 /* oumei.bundle in Resources */,
				E3C23F732993970300FB12F9 /* beauty_filter.json in Resources */,
				E3C23F612993970300FB12F9 /* rose.bundle in Resources */,
				E32D4E2926382A9100E6C1C2 /* face_beautification.bundle in Resources */,
				E3C23F712993970300FB12F9 /* nuandong.bundle in Resources */,
				E32D4E2426382A9100E6C1C2 /* fxaa.bundle in Resources */,
				E3C23F642993970300FB12F9 /* tianmei.bundle in Resources */,
				E32D4E1E26382A9100E6C1C2 /* ai_face_processor.bundle in Resources */,
				E3C23F782993970300FB12F9 /* sdlu.bundle in Resources */,
				E32D4E2326382A9100E6C1C2 /* tongue.bundle in Resources */,
				E3C23F762993970300FB12F9 /* fashi.bundle in Resources */,
				E3C23F6F2993970300FB12F9 /* shaonv.bundle in Resources */,
				E3C23F6D2993970300FB12F9 /* qianzhihe.bundle in Resources */,
			);
			runOnlyForDeploymentPostprocessing = 0;
		};
/* End PBXResourcesBuildPhase section */

/* Begin PBXShellScriptBuildPhase section */
		35A69F411C413CD3A9F882F7 /* [CP] Check Pods Manifest.lock */ = {
			isa = PBXShellScriptBuildPhase;
			buildActionMask = 2147483647;
			files = (
			);
			inputFileListPaths = (
			);
			inputPaths = (
				"${PODS_PODFILE_DIR_PATH}/Podfile.lock",
				"${PODS_ROOT}/Manifest.lock",
			);
			name = "[CP] Check Pods Manifest.lock";
			outputFileListPaths = (
			);
			outputPaths = (
				"$(DERIVED_FILE_DIR)/Pods-TRTCSimpleDemo-checkManifestLockResult.txt",
			);
			runOnlyForDeploymentPostprocessing = 0;
			shellPath = /bin/sh;
			shellScript = "diff \"${PODS_PODFILE_DIR_PATH}/Podfile.lock\" \"${PODS_ROOT}/Manifest.lock\" > /dev/null\nif [ $? != 0 ] ; then\n    # print error to STDERR\n    echo \"error: The sandbox is not in sync with the Podfile.lock. Run 'pod install' or update your CocoaPods installation.\" >&2\n    exit 1\nfi\n# This output is used by Xcode 'outputs' to avoid re-running this script phase.\necho \"SUCCESS\" > \"${SCRIPT_OUTPUT_FILE_0}\"\n";
			showEnvVarsInLog = 0;
		};
		6E2EB62A181327805527AC36 /* [CP] Copy Pods Resources */ = {
			isa = PBXShellScriptBuildPhase;
			buildActionMask = 2147483647;
			files = (
			);
			inputFileListPaths = (
				"${PODS_ROOT}/Target Support Files/Pods-TRTCSimpleDemo/Pods-TRTCSimpleDemo-resources-${CONFIGURATION}-input-files.xcfilelist",
			);
			name = "[CP] Copy Pods Resources";
			outputFileListPaths = (
				"${PODS_ROOT}/Target Support Files/Pods-TRTCSimpleDemo/Pods-TRTCSimpleDemo-resources-${CONFIGURATION}-output-files.xcfilelist",
			);
			runOnlyForDeploymentPostprocessing = 0;
			shellPath = /bin/sh;
			shellScript = "\"${PODS_ROOT}/Target Support Files/Pods-TRTCSimpleDemo/Pods-TRTCSimpleDemo-resources.sh\"\n";
			showEnvVarsInLog = 0;
		};
/* End PBXShellScriptBuildPhase section */

/* Begin PBXSourcesBuildPhase section */
		2D97861A2523226C00D30722 /* Sources */ = {
			isa = PBXSourcesBuildPhase;
			buildActionMask = 2147483647;
			files = (
				E3C23F352993966B00FB12F9 /* FUBeautySkinViewModel.m in Sources */,
				E3C23F1D2993963C00FB12F9 /* FUStickerView.m in Sources */,
				E3C23F3A2993966B00FB12F9 /* FUStickerViewModel.m in Sources */,
				2D9786962523315A00D30722 /* main.m in Sources */,
				E3C23F212993963C00FB12F9 /* FUSegmentBar.m in Sources */,
				E3BB0282271558FD00E3B367 /* FUTestRecorder.m in Sources */,
				2DDF87D125235385005ECFFE /* TRTRCRoomViewController.m in Sources */,
				2D9786952523315A00D30722 /* ViewController.m in Sources */,
				E3C23EF72993961000FB12F9 /* FUStickerModel.m in Sources */,
				E3C23F272993963C00FB12F9 /* FUAlertManager.m in Sources */,
				2D9786972523315A00D30722 /* AppDelegate.m in Sources */,
				E3C23F1E2993963C00FB12F9 /* FUBodyView.m in Sources */,
				E3C23F262993963C00FB12F9 /* FUBeautyFilterView.m in Sources */,
				E3C23F3E299396D600FB12F9 /* FUDemoManager.m in Sources */,
				2DDF8924252410B2005ECFFE /* NSString+UISize.m in Sources */,
				E3C23F392993966B00FB12F9 /* FUBeautyShapeViewModel.m in Sources */,
				E3C23F282993963C00FB12F9 /* FUAlertController.m in Sources */,
				E3C23F252993963C00FB12F9 /* FUTipHUD.m in Sources */,
				2DDF87CD25233B9F005ECFFE /* TRTCViewController.m in Sources */,
				E3C23F232993963C00FB12F9 /* FUSquareButton.m in Sources */,
				E3C23F372993966B00FB12F9 /* FUBodyViewModel.m in Sources */,
				2DDF8927252410B2005ECFFE /* ControlView.m in Sources */,
				E3C23EF82993961000FB12F9 /* FUBeautyFilterModel.m in Sources */,
				E3C23F222993963C00FB12F9 /* FUSlider.m in Sources */,
				2DDF8923252410B2005ECFFE /* NSString+Common.m in Sources */,
				E3C23EFA2993961000FB12F9 /* FUBodyModel.m in Sources */,
				E3C23EF92993961000FB12F9 /* FUBeautyShapeModel.m in Sources */,
				E3C23F382993966B00FB12F9 /* FUBeautyFilterViewModel.m in Sources */,
				E3C23F202993963C00FB12F9 /* FUInsetsLabel.m in Sources */,
				E3C23F242993963C00FB12F9 /* FUBeautySkinView.m in Sources */,
				E3C23F1F2993963C00FB12F9 /* FUMakeupView.m in Sources */,
				E3C23EF62993961000FB12F9 /* FUBeautySkinModel.m in Sources */,
				2DDF8921252410B2005ECFFE /* UIView+Additions.m in Sources */,
				E3C23F362993966B00FB12F9 /* FUMakeupViewModel.m in Sources */,
				2DDF8922252410B2005ECFFE /* NSData+Common.m in Sources */,
				E3C23EFB2993961000FB12F9 /* FUMakeupModel.m in Sources */,
				E3C23F1C2993963C00FB12F9 /* FUBeautyShapeView.m in Sources */,
				2DDF890E25235EAB005ECFFE /* GenerateTestUserSig.m in Sources */,
				2DDF8926252410B2005ECFFE /* TextCell.m in Sources */,
				2DDF8925252410B2005ECFFE /* BeautySettingPanel.m in Sources */,
			);
			runOnlyForDeploymentPostprocessing = 0;
		};
/* End PBXSourcesBuildPhase section */

/* Begin PBXVariantGroup section */
		2D9786C3252334CC00D30722 /* LaunchScreen.storyboard */ = {
			isa = PBXVariantGroup;
			children = (
				2D9786C4252334CC00D30722 /* Base */,
			);
			name = LaunchScreen.storyboard;
			sourceTree = "<group>";
		};
		2D9786C5252334CC00D30722 /* Main.storyboard */ = {
			isa = PBXVariantGroup;
			children = (
				2D9786C6252334CC00D30722 /* Base */,
			);
			name = Main.storyboard;
			sourceTree = "<group>";
		};
		E3BB025D271558FD00E3B367 /* FaceUnity.strings */ = {
			isa = PBXVariantGroup;
			children = (
				E3BB025E271558FD00E3B367 /* zh-Hans */,
				E3BB0272271558FD00E3B367 /* en */,
			);
			name = FaceUnity.strings;
			sourceTree = "<group>";
		};
/* End PBXVariantGroup section */

/* Begin XCBuildConfiguration section */
		2D97864B2523226D00D30722 /* Debug */ = {
			isa = XCBuildConfiguration;
			buildSettings = {
				ALWAYS_SEARCH_USER_PATHS = NO;
				CLANG_ANALYZER_NONNULL = YES;
				CLANG_ANALYZER_NUMBER_OBJECT_CONVERSION = YES_AGGRESSIVE;
				CLANG_CXX_LANGUAGE_STANDARD = "gnu++14";
				CLANG_CXX_LIBRARY = "libc++";
				CLANG_ENABLE_MODULES = YES;
				CLANG_ENABLE_OBJC_ARC = YES;
				CLANG_ENABLE_OBJC_WEAK = YES;
				CLANG_WARN_BLOCK_CAPTURE_AUTORELEASING = YES;
				CLANG_WARN_BOOL_CONVERSION = YES;
				CLANG_WARN_COMMA = YES;
				CLANG_WARN_CONSTANT_CONVERSION = YES;
				CLANG_WARN_DEPRECATED_OBJC_IMPLEMENTATIONS = YES;
				CLANG_WARN_DIRECT_OBJC_ISA_USAGE = YES_ERROR;
				CLANG_WARN_DOCUMENTATION_COMMENTS = YES;
				CLANG_WARN_EMPTY_BODY = YES;
				CLANG_WARN_ENUM_CONVERSION = YES;
				CLANG_WARN_INFINITE_RECURSION = YES;
				CLANG_WARN_INT_CONVERSION = YES;
				CLANG_WARN_NON_LITERAL_NULL_CONVERSION = YES;
				CLANG_WARN_OBJC_IMPLICIT_RETAIN_SELF = YES;
				CLANG_WARN_OBJC_LITERAL_CONVERSION = YES;
				CLANG_WARN_OBJC_ROOT_CLASS = YES_ERROR;
				CLANG_WARN_QUOTED_INCLUDE_IN_FRAMEWORK_HEADER = YES;
				CLANG_WARN_RANGE_LOOP_ANALYSIS = YES;
				CLANG_WARN_STRICT_PROTOTYPES = YES;
				CLANG_WARN_SUSPICIOUS_MOVE = YES;
				CLANG_WARN_UNGUARDED_AVAILABILITY = YES_AGGRESSIVE;
				CLANG_WARN_UNREACHABLE_CODE = YES;
				CLANG_WARN__DUPLICATE_METHOD_MATCH = YES;
				COPY_PHASE_STRIP = NO;
				DEBUG_INFORMATION_FORMAT = dwarf;
				ENABLE_STRICT_OBJC_MSGSEND = YES;
				ENABLE_TESTABILITY = YES;
				GCC_C_LANGUAGE_STANDARD = gnu11;
				GCC_DYNAMIC_NO_PIC = NO;
				GCC_NO_COMMON_BLOCKS = YES;
				GCC_OPTIMIZATION_LEVEL = 0;
				GCC_PREPROCESSOR_DEFINITIONS = (
					"DEBUG=1",
					"$(inherited)",
				);
				GCC_WARN_64_TO_32_BIT_CONVERSION = YES;
				GCC_WARN_ABOUT_RETURN_TYPE = YES_ERROR;
				GCC_WARN_UNDECLARED_SELECTOR = YES;
				GCC_WARN_UNINITIALIZED_AUTOS = YES_AGGRESSIVE;
				GCC_WARN_UNUSED_FUNCTION = YES;
				GCC_WARN_UNUSED_VARIABLE = YES;
				IPHONEOS_DEPLOYMENT_TARGET = 9.0;
				MTL_ENABLE_DEBUG_INFO = INCLUDE_SOURCE;
				MTL_FAST_MATH = YES;
				ONLY_ACTIVE_ARCH = YES;
				SDKROOT = iphoneos;
			};
			name = Debug;
		};
		2D97864C2523226D00D30722 /* Release */ = {
			isa = XCBuildConfiguration;
			buildSettings = {
				ALWAYS_SEARCH_USER_PATHS = NO;
				CLANG_ANALYZER_NONNULL = YES;
				CLANG_ANALYZER_NUMBER_OBJECT_CONVERSION = YES_AGGRESSIVE;
				CLANG_CXX_LANGUAGE_STANDARD = "gnu++14";
				CLANG_CXX_LIBRARY = "libc++";
				CLANG_ENABLE_MODULES = YES;
				CLANG_ENABLE_OBJC_ARC = YES;
				CLANG_ENABLE_OBJC_WEAK = YES;
				CLANG_WARN_BLOCK_CAPTURE_AUTORELEASING = YES;
				CLANG_WARN_BOOL_CONVERSION = YES;
				CLANG_WARN_COMMA = YES;
				CLANG_WARN_CONSTANT_CONVERSION = YES;
				CLANG_WARN_DEPRECATED_OBJC_IMPLEMENTATIONS = YES;
				CLANG_WARN_DIRECT_OBJC_ISA_USAGE = YES_ERROR;
				CLANG_WARN_DOCUMENTATION_COMMENTS = YES;
				CLANG_WARN_EMPTY_BODY = YES;
				CLANG_WARN_ENUM_CONVERSION = YES;
				CLANG_WARN_INFINITE_RECURSION = YES;
				CLANG_WARN_INT_CONVERSION = YES;
				CLANG_WARN_NON_LITERAL_NULL_CONVERSION = YES;
				CLANG_WARN_OBJC_IMPLICIT_RETAIN_SELF = YES;
				CLANG_WARN_OBJC_LITERAL_CONVERSION = YES;
				CLANG_WARN_OBJC_ROOT_CLASS = YES_ERROR;
				CLANG_WARN_QUOTED_INCLUDE_IN_FRAMEWORK_HEADER = YES;
				CLANG_WARN_RANGE_LOOP_ANALYSIS = YES;
				CLANG_WARN_STRICT_PROTOTYPES = YES;
				CLANG_WARN_SUSPICIOUS_MOVE = YES;
				CLANG_WARN_UNGUARDED_AVAILABILITY = YES_AGGRESSIVE;
				CLANG_WARN_UNREACHABLE_CODE = YES;
				CLANG_WARN__DUPLICATE_METHOD_MATCH = YES;
				COPY_PHASE_STRIP = NO;
				DEBUG_INFORMATION_FORMAT = "dwarf-with-dsym";
				ENABLE_NS_ASSERTIONS = NO;
				ENABLE_STRICT_OBJC_MSGSEND = YES;
				GCC_C_LANGUAGE_STANDARD = gnu11;
				GCC_NO_COMMON_BLOCKS = YES;
				GCC_WARN_64_TO_32_BIT_CONVERSION = YES;
				GCC_WARN_ABOUT_RETURN_TYPE = YES_ERROR;
				GCC_WARN_UNDECLARED_SELECTOR = YES;
				GCC_WARN_UNINITIALIZED_AUTOS = YES_AGGRESSIVE;
				GCC_WARN_UNUSED_FUNCTION = YES;
				GCC_WARN_UNUSED_VARIABLE = YES;
				IPHONEOS_DEPLOYMENT_TARGET = 9.0;
				MTL_ENABLE_DEBUG_INFO = NO;
				MTL_FAST_MATH = YES;
				SDKROOT = iphoneos;
				VALIDATE_PRODUCT = YES;
			};
			name = Release;
		};
		2D97864E2523226D00D30722 /* Debug */ = {
			isa = XCBuildConfiguration;
			baseConfigurationReference = F611EE6525FCB14B76F9C931 /* Pods-TRTCSimpleDemo.debug.xcconfig */;
			buildSettings = {
				ASSETCATALOG_COMPILER_APPICON_NAME = AppIcon;
				ASSETCATALOG_COMPILER_GLOBAL_ACCENT_COLOR_NAME = AccentColor;
				CODE_SIGN_IDENTITY = "Apple Development";
				"CODE_SIGN_IDENTITY[sdk=iphoneos*]" = "iPhone Developer";
				CODE_SIGN_STYLE = Manual;
				DEVELOPMENT_TEAM = "";
				"DEVELOPMENT_TEAM[sdk=iphoneos*]" = 35A6KD62ZJ;
				ENABLE_BITCODE = NO;
				FRAMEWORK_SEARCH_PATHS = (
					"$(inherited)",
					"$(PROJECT_DIR)/TRTCSimpleDemo/FaceUnity/FaceUnity-SDK-iOS",
					"$(PROJECT_DIR)/TRTCSimpleDemo/SDK",
					"$(PROJECT_DIR)/TRTCSimpleDemo/Lib",
					"$(PROJECT_DIR)/TRTCSimpleDemo/FaceUnity/Lib",
				);
				INFOPLIST_FILE = "$(SRCROOT)/TRTCSimpleDemo/Resource/Info.plist";
				LD_RUNPATH_SEARCH_PATHS = (
					"$(inherited)",
					"@executable_path/Frameworks",
				);
				LIBRARY_SEARCH_PATHS = (
					"$(inherited)",
					"$(PROJECT_DIR)/TRTCSimpleDemo/Lib/FURenderKit/FURenderKit/SDKCode/Faceunity/FaceUnity-SDK-iOS",
				);
				PRODUCT_BUNDLE_IDENTIFIER = com.faceunity.TRTCSimpleDemo;
				PRODUCT_NAME = "$(TARGET_NAME)";
				PROVISIONING_PROFILE_SPECIFIER = "";
				"PROVISIONING_PROFILE_SPECIFIER[sdk=iphoneos*]" = FUWildcard;
				TARGETED_DEVICE_FAMILY = 1;
			};
			name = Debug;
		};
		2D97864F2523226D00D30722 /* Release */ = {
			isa = XCBuildConfiguration;
			baseConfigurationReference = EB6A8CC9BCDE9BF25C3FB1E9 /* Pods-TRTCSimpleDemo.release.xcconfig */;
			buildSettings = {
				ASSETCATALOG_COMPILER_APPICON_NAME = AppIcon;
				ASSETCATALOG_COMPILER_GLOBAL_ACCENT_COLOR_NAME = AccentColor;
				CODE_SIGN_IDENTITY = "Apple Development";
				"CODE_SIGN_IDENTITY[sdk=iphoneos*]" = "iPhone Developer";
				CODE_SIGN_STYLE = Manual;
				DEVELOPMENT_TEAM = "";
				"DEVELOPMENT_TEAM[sdk=iphoneos*]" = 35A6KD62ZJ;
				ENABLE_BITCODE = NO;
				FRAMEWORK_SEARCH_PATHS = (
					"$(inherited)",
					"$(PROJECT_DIR)/TRTCSimpleDemo/FaceUnity/FaceUnity-SDK-iOS",
					"$(PROJECT_DIR)/TRTCSimpleDemo/SDK",
					"$(PROJECT_DIR)/TRTCSimpleDemo/Lib",
					"$(PROJECT_DIR)/TRTCSimpleDemo/FaceUnity/Lib",
				);
				INFOPLIST_FILE = "$(SRCROOT)/TRTCSimpleDemo/Resource/Info.plist";
				LD_RUNPATH_SEARCH_PATHS = (
					"$(inherited)",
					"@executable_path/Frameworks",
				);
				LIBRARY_SEARCH_PATHS = (
					"$(inherited)",
					"$(PROJECT_DIR)/TRTCSimpleDemo/Lib/FURenderKit/FURenderKit/SDKCode/Faceunity/FaceUnity-SDK-iOS",
				);
				PRODUCT_BUNDLE_IDENTIFIER = com.faceunity.TRTCSimpleDemo;
				PRODUCT_NAME = "$(TARGET_NAME)";
				PROVISIONING_PROFILE_SPECIFIER = "";
				"PROVISIONING_PROFILE_SPECIFIER[sdk=iphoneos*]" = FUWildcard;
				TARGETED_DEVICE_FAMILY = 1;
			};
			name = Release;
		};
/* End XCBuildConfiguration section */

/* Begin XCConfigurationList section */
		2D9786192523226C00D30722 /* Build configuration list for PBXProject "TRTCSimpleDemo" */ = {
			isa = XCConfigurationList;
			buildConfigurations = (
				2D97864B2523226D00D30722 /* Debug */,
				2D97864C2523226D00D30722 /* Release */,
			);
			defaultConfigurationIsVisible = 0;
			defaultConfigurationName = Release;
		};
		2D97864D2523226D00D30722 /* Build configuration list for PBXNativeTarget "TRTCSimpleDemo" */ = {
			isa = XCConfigurationList;
			buildConfigurations = (
				2D97864E2523226D00D30722 /* Debug */,
				2D97864F2523226D00D30722 /* Release */,
			);
			defaultConfigurationIsVisible = 0;
			defaultConfigurationName = Release;
		};
/* End XCConfigurationList section */
	};
	rootObject = 2D9786162523226C00D30722 /* Project object */;
}
